// !$*UTF8*$!
{
	archiveVersion = 1;
	classes = {
	};
	objectVersion = 46;
	objects = {

/* Begin PBXBuildFile section */
		1724939C17705F5B00CED207 /* TrackChooserView.cpp in Sources */ = {isa = PBXBuildFile; fileRef = 1724939A17705F5B00CED207 /* TrackChooserView.cpp */; };
		174DF7E0176F806700FE4F40 /* logo.png in Resources */ = {isa = PBXBuildFile; fileRef = 174DF7DF176F806700FE4F40 /* logo.png */; };
		174DF7E4176F8AB300FE4F40 /* TrackFileManager.cpp in Sources */ = {isa = PBXBuildFile; fileRef = 174DF7E2176F8AB300FE4F40 /* TrackFileManager.cpp */; };
		17D5AA79176CB20800FFF6F4 /* GameScreen.cpp in Sources */ = {isa = PBXBuildFile; fileRef = 17D5AA77176CB20800FFF6F4 /* GameScreen.cpp */; };
		17F21D76176A31E800436390 /* MenuScreen.cpp in Sources */ = {isa = PBXBuildFile; fileRef = 17F21D72176A31E800436390 /* MenuScreen.cpp */; };
		17F21D77176A31E800436390 /* Screen.cpp in Sources */ = {isa = PBXBuildFile; fileRef = 17F21D74176A31E800436390 /* Screen.cpp */; };
		17F21D7A176A31FB00436390 /* Tahoma.ttf in Resources */ = {isa = PBXBuildFile; fileRef = 17F21D79176A31FB00436390 /* Tahoma.ttf */; };
		17FE591A177055B7005F14BB /* 1370176399.png in Resources */ = {isa = PBXBuildFile; fileRef = 17FE58D6177055B6005F14BB /* 1370176399.png */; };
		17FE591B177055B7005F14BB /* 1370176399.track in Resources */ = {isa = PBXBuildFile; fileRef = 17FE58D7177055B6005F14BB /* 1370176399.track */; };
		17FE591C177055B7005F14BB /* 1370176408.png in Resources */ = {isa = PBXBuildFile; fileRef = 17FE58D8177055B6005F14BB /* 1370176408.png */; };
		17FE591D177055B7005F14BB /* 1370176408.track in Resources */ = {isa = PBXBuildFile; fileRef = 17FE58D9177055B6005F14BB /* 1370176408.track */; };
		17FE591E177055B7005F14BB /* 1370176430.png in Resources */ = {isa = PBXBuildFile; fileRef = 17FE58DA177055B6005F14BB /* 1370176430.png */; };
		17FE591F177055B7005F14BB /* 1370176430.track in Resources */ = {isa = PBXBuildFile; fileRef = 17FE58DB177055B6005F14BB /* 1370176430.track */; };
		17FE5920177055B7005F14BB /* 1370176518.png in Resources */ = {isa = PBXBuildFile; fileRef = 17FE58DC177055B6005F14BB /* 1370176518.png */; };
		17FE5921177055B7005F14BB /* 1370176518.track in Resources */ = {isa = PBXBuildFile; fileRef = 17FE58DD177055B6005F14BB /* 1370176518.track */; };
		17FE5922177055B7005F14BB /* 1370176551.png in Resources */ = {isa = PBXBuildFile; fileRef = 17FE58DE177055B6005F14BB /* 1370176551.png */; };
		17FE5923177055B7005F14BB /* 1370176551.track in Resources */ = {isa = PBXBuildFile; fileRef = 17FE58DF177055B6005F14BB /* 1370176551.track */; };
		17FE5924177055B7005F14BB /* 1370176970.png in Resources */ = {isa = PBXBuildFile; fileRef = 17FE58E0177055B6005F14BB /* 1370176970.png */; };
		17FE5925177055B7005F14BB /* 1370176970.track in Resources */ = {isa = PBXBuildFile; fileRef = 17FE58E1177055B6005F14BB /* 1370176970.track */; };
		17FE5926177055B7005F14BB /* 1370180060.png in Resources */ = {isa = PBXBuildFile; fileRef = 17FE58E2177055B6005F14BB /* 1370180060.png */; };
		17FE5927177055B7005F14BB /* 1370180060.track in Resources */ = {isa = PBXBuildFile; fileRef = 17FE58E3177055B6005F14BB /* 1370180060.track */; };
		17FE5928177055B7005F14BB /* 1370180245.png in Resources */ = {isa = PBXBuildFile; fileRef = 17FE58E4177055B6005F14BB /* 1370180245.png */; };
		17FE5929177055B7005F14BB /* 1370180245.track in Resources */ = {isa = PBXBuildFile; fileRef = 17FE58E5177055B6005F14BB /* 1370180245.track */; };
		17FE592A177055B7005F14BB /* 1370182596.png in Resources */ = {isa = PBXBuildFile; fileRef = 17FE58E6177055B6005F14BB /* 1370182596.png */; };
		17FE592B177055B7005F14BB /* 1370182596.track in Resources */ = {isa = PBXBuildFile; fileRef = 17FE58E7177055B6005F14BB /* 1370182596.track */; };
		17FE592C177055B7005F14BB /* 1370183010.png in Resources */ = {isa = PBXBuildFile; fileRef = 17FE58E8177055B6005F14BB /* 1370183010.png */; };
		17FE592D177055B7005F14BB /* 1370183010.track in Resources */ = {isa = PBXBuildFile; fileRef = 17FE58E9177055B6005F14BB /* 1370183010.track */; };
		17FE592E177055B7005F14BB /* 1370187298.png in Resources */ = {isa = PBXBuildFile; fileRef = 17FE58EA177055B6005F14BB /* 1370187298.png */; };
		17FE592F177055B7005F14BB /* 1370187298.track in Resources */ = {isa = PBXBuildFile; fileRef = 17FE58EB177055B6005F14BB /* 1370187298.track */; };
		17FE5930177055B7005F14BB /* 1370249827.png in Resources */ = {isa = PBXBuildFile; fileRef = 17FE58EC177055B6005F14BB /* 1370249827.png */; };
		17FE5931177055B7005F14BB /* 1370249827.track in Resources */ = {isa = PBXBuildFile; fileRef = 17FE58ED177055B6005F14BB /* 1370249827.track */; };
		17FE5932177055B7005F14BB /* 1370251183.png in Resources */ = {isa = PBXBuildFile; fileRef = 17FE58EE177055B6005F14BB /* 1370251183.png */; };
		17FE5933177055B7005F14BB /* 1370251183.track in Resources */ = {isa = PBXBuildFile; fileRef = 17FE58EF177055B6005F14BB /* 1370251183.track */; };
		17FE5934177055B7005F14BB /* 1370251435.png in Resources */ = {isa = PBXBuildFile; fileRef = 17FE58F0177055B6005F14BB /* 1370251435.png */; };
		17FE5935177055B7005F14BB /* 1370251435.track in Resources */ = {isa = PBXBuildFile; fileRef = 17FE58F1177055B6005F14BB /* 1370251435.track */; };
		17FE5936177055B7005F14BB /* 1370251576.png in Resources */ = {isa = PBXBuildFile; fileRef = 17FE58F2177055B6005F14BB /* 1370251576.png */; };
		17FE5937177055B7005F14BB /* 1370251576.track in Resources */ = {isa = PBXBuildFile; fileRef = 17FE58F3177055B6005F14BB /* 1370251576.track */; };
		17FE5938177055B7005F14BB /* 1370251611.png in Resources */ = {isa = PBXBuildFile; fileRef = 17FE58F4177055B6005F14BB /* 1370251611.png */; };
		17FE5939177055B7005F14BB /* 1370251611.track in Resources */ = {isa = PBXBuildFile; fileRef = 17FE58F5177055B6005F14BB /* 1370251611.track */; };
		17FE593A177055B7005F14BB /* 1370251627.png in Resources */ = {isa = PBXBuildFile; fileRef = 17FE58F6177055B6005F14BB /* 1370251627.png */; };
		17FE593B177055B7005F14BB /* 1370251627.track in Resources */ = {isa = PBXBuildFile; fileRef = 17FE58F7177055B6005F14BB /* 1370251627.track */; };
		17FE593C177055B7005F14BB /* 1370251628.png in Resources */ = {isa = PBXBuildFile; fileRef = 17FE58F8177055B6005F14BB /* 1370251628.png */; };
		17FE593D177055B7005F14BB /* 1370251628.track in Resources */ = {isa = PBXBuildFile; fileRef = 17FE58F9177055B6005F14BB /* 1370251628.track */; };
		17FE593E177055B7005F14BB /* 1370251629.png in Resources */ = {isa = PBXBuildFile; fileRef = 17FE58FA177055B6005F14BB /* 1370251629.png */; };
		17FE593F177055B7005F14BB /* 1370251629.track in Resources */ = {isa = PBXBuildFile; fileRef = 17FE58FB177055B6005F14BB /* 1370251629.track */; };
		17FE5940177055B7005F14BB /* 1370251631.png in Resources */ = {isa = PBXBuildFile; fileRef = 17FE58FC177055B6005F14BB /* 1370251631.png */; };
		17FE5941177055B7005F14BB /* 1370251631.track in Resources */ = {isa = PBXBuildFile; fileRef = 17FE58FD177055B6005F14BB /* 1370251631.track */; };
		17FE5942177055B7005F14BB /* 1370251678.png in Resources */ = {isa = PBXBuildFile; fileRef = 17FE58FE177055B6005F14BB /* 1370251678.png */; };
		17FE5943177055B7005F14BB /* 1370251678.track in Resources */ = {isa = PBXBuildFile; fileRef = 17FE58FF177055B6005F14BB /* 1370251678.track */; };
		17FE5944177055B7005F14BB /* 1370251722.png in Resources */ = {isa = PBXBuildFile; fileRef = 17FE5900177055B6005F14BB /* 1370251722.png */; };
		17FE5945177055B7005F14BB /* 1370251722.track in Resources */ = {isa = PBXBuildFile; fileRef = 17FE5901177055B6005F14BB /* 1370251722.track */; };
		17FE5946177055B7005F14BB /* 1370251787.png in Resources */ = {isa = PBXBuildFile; fileRef = 17FE5902177055B6005F14BB /* 1370251787.png */; };
		17FE5947177055B7005F14BB /* 1370251787.track in Resources */ = {isa = PBXBuildFile; fileRef = 17FE5903177055B6005F14BB /* 1370251787.track */; };
		17FE5948177055B7005F14BB /* 1370251826.png in Resources */ = {isa = PBXBuildFile; fileRef = 17FE5904177055B6005F14BB /* 1370251826.png */; };
		17FE5949177055B7005F14BB /* 1370251826.track in Resources */ = {isa = PBXBuildFile; fileRef = 17FE5905177055B6005F14BB /* 1370251826.track */; };
		17FE594A177055B7005F14BB /* 1370251833.png in Resources */ = {isa = PBXBuildFile; fileRef = 17FE5906177055B6005F14BB /* 1370251833.png */; };
		17FE594B177055B7005F14BB /* 1370251833.track in Resources */ = {isa = PBXBuildFile; fileRef = 17FE5907177055B6005F14BB /* 1370251833.track */; };
		17FE594C177055B7005F14BB /* 1370251954.png in Resources */ = {isa = PBXBuildFile; fileRef = 17FE5908177055B6005F14BB /* 1370251954.png */; };
		17FE594D177055B7005F14BB /* 1370251954.track in Resources */ = {isa = PBXBuildFile; fileRef = 17FE5909177055B6005F14BB /* 1370251954.track */; };
		17FE594E177055B7005F14BB /* 1370251955.png in Resources */ = {isa = PBXBuildFile; fileRef = 17FE590A177055B6005F14BB /* 1370251955.png */; };
		17FE594F177055B7005F14BB /* 1370251955.track in Resources */ = {isa = PBXBuildFile; fileRef = 17FE590B177055B6005F14BB /* 1370251955.track */; };
		17FE5950177055B7005F14BB /* 1370260639.png in Resources */ = {isa = PBXBuildFile; fileRef = 17FE590C177055B6005F14BB /* 1370260639.png */; };
		17FE5951177055B7005F14BB /* 1370260639.track in Resources */ = {isa = PBXBuildFile; fileRef = 17FE590D177055B7005F14BB /* 1370260639.track */; };
		17FE5952177055B7005F14BB /* 1370880121.png in Resources */ = {isa = PBXBuildFile; fileRef = 17FE590E177055B7005F14BB /* 1370880121.png */; };
		17FE5953177055B7005F14BB /* 1370880121.track in Resources */ = {isa = PBXBuildFile; fileRef = 17FE590F177055B7005F14BB /* 1370880121.track */; };
		17FE5954177055B7005F14BB /* 1370880838.png in Resources */ = {isa = PBXBuildFile; fileRef = 17FE5910177055B7005F14BB /* 1370880838.png */; };
		17FE5955177055B7005F14BB /* 1370880838.track in Resources */ = {isa = PBXBuildFile; fileRef = 17FE5911177055B7005F14BB /* 1370880838.track */; };
		17FE5956177055B7005F14BB /* 1370880906.png in Resources */ = {isa = PBXBuildFile; fileRef = 17FE5912177055B7005F14BB /* 1370880906.png */; };
		17FE5957177055B7005F14BB /* 1370880906.track in Resources */ = {isa = PBXBuildFile; fileRef = 17FE5913177055B7005F14BB /* 1370880906.track */; };
		17FE5958177055B7005F14BB /* 1371119615.png in Resources */ = {isa = PBXBuildFile; fileRef = 17FE5914177055B7005F14BB /* 1371119615.png */; };
		17FE5959177055B7005F14BB /* 1371119615.track in Resources */ = {isa = PBXBuildFile; fileRef = 17FE5915177055B7005F14BB /* 1371119615.track */; };
		17FE595A177055B7005F14BB /* 1371119878.png in Resources */ = {isa = PBXBuildFile; fileRef = 17FE5916177055B7005F14BB /* 1371119878.png */; };
		17FE595B177055B7005F14BB /* 1371119878.track in Resources */ = {isa = PBXBuildFile; fileRef = 17FE5917177055B7005F14BB /* 1371119878.track */; };
		17FE595C177055B7005F14BB /* 1371119935.png in Resources */ = {isa = PBXBuildFile; fileRef = 17FE5918177055B7005F14BB /* 1371119935.png */; };
		17FE595D177055B7005F14BB /* 1371119935.track in Resources */ = {isa = PBXBuildFile; fileRef = 17FE5919177055B7005F14BB /* 1371119935.track */; };
		3D679050175BD8110061B88D /* OpenGL.framework in Frameworks */ = {isa = PBXBuildFile; fileRef = 3D67904F175BD8110061B88D /* OpenGL.framework */; };
		3D67906B1760DF820061B88D /* TrackDrawable.cpp in Sources */ = {isa = PBXBuildFile; fileRef = 3D6790671760DF820061B88D /* TrackDrawable.cpp */; };
		3D67906C1760DF820061B88D /* TrackLoader.cpp in Sources */ = {isa = PBXBuildFile; fileRef = 3D6790691760DF820061B88D /* TrackLoader.cpp */; };
		3D6790701760DFA20061B88D /* main.cpp in Sources */ = {isa = PBXBuildFile; fileRef = 3D67906D1760DFA20061B88D /* main.cpp */; };
		3D6790761760DFE20061B88D /* icon.png in Resources */ = {isa = PBXBuildFile; fileRef = 3D6790741760DFE20061B88D /* icon.png */; };
		3D6790771760DFE20061B88D /* sansation.ttf in Resources */ = {isa = PBXBuildFile; fileRef = 3D6790751760DFE20061B88D /* sansation.ttf */; };
		3D67907A1760E0310061B88D /* ResourcePath.mm in Sources */ = {isa = PBXBuildFile; fileRef = 3D6790791760E0310061B88D /* ResourcePath.mm */; };
		3D67909917664E6F0061B88D /* Track.cpp in Sources */ = {isa = PBXBuildFile; fileRef = 3D67909717664E6E0061B88D /* Track.cpp */; };
		3D6790A11766892E0061B88D /* Car.cpp in Sources */ = {isa = PBXBuildFile; fileRef = 3D67909F1766892E0061B88D /* Car.cpp */; };
		DF780F41176E541500D4E41A /* View.cpp in Sources */ = {isa = PBXBuildFile; fileRef = DF780F3F176E541500D4E41A /* View.cpp */; };
		DFEFE0B2176FDCCA001708C8 /* PlayerChooserView.cpp in Sources */ = {isa = PBXBuildFile; fileRef = DFEFE0B0176FDCCA001708C8 /* PlayerChooserView.cpp */; };
		DFEFE0B7176FED83001708C8 /* arrowDown.png in Resources */ = {isa = PBXBuildFile; fileRef = DFEFE0B5176FED83001708C8 /* arrowDown.png */; };
		DFEFE0B8176FED83001708C8 /* arrowRight.png in Resources */ = {isa = PBXBuildFile; fileRef = DFEFE0B6176FED83001708C8 /* arrowRight.png */; };
		DFEFE0BA176FEEAC001708C8 /* arrowUp.png in Resources */ = {isa = PBXBuildFile; fileRef = DFEFE0B9176FEEAC001708C8 /* arrowUp.png */; };
/* End PBXBuildFile section */

/* Begin PBXFileReference section */
		1724939A17705F5B00CED207 /* TrackChooserView.cpp */ = {isa = PBXFileReference; fileEncoding = 4; lastKnownFileType = sourcecode.cpp.cpp; name = TrackChooserView.cpp; path = view/TrackChooserView.cpp; sourceTree = "<group>"; };
		1724939B17705F5B00CED207 /* TrackChooserView.h */ = {isa = PBXFileReference; fileEncoding = 4; lastKnownFileType = sourcecode.c.h; name = TrackChooserView.h; path = view/TrackChooserView.h; sourceTree = "<group>"; };
		174DF7DF176F806700FE4F40 /* logo.png */ = {isa = PBXFileReference; lastKnownFileType = image.png; path = logo.png; sourceTree = "<group>"; };
		174DF7E1176F8AB300FE4F40 /* TrackFile.h */ = {isa = PBXFileReference; fileEncoding = 4; lastKnownFileType = sourcecode.c.h; path = TrackFile.h; sourceTree = "<group>"; };
		174DF7E2176F8AB300FE4F40 /* TrackFileManager.cpp */ = {isa = PBXFileReference; fileEncoding = 4; lastKnownFileType = sourcecode.cpp.cpp; path = TrackFileManager.cpp; sourceTree = "<group>"; };
		174DF7E3176F8AB300FE4F40 /* TrackFileManager.h */ = {isa = PBXFileReference; fileEncoding = 4; lastKnownFileType = sourcecode.c.h; path = TrackFileManager.h; sourceTree = "<group>"; };
		17D5AA77176CB20800FFF6F4 /* GameScreen.cpp */ = {isa = PBXFileReference; fileEncoding = 4; lastKnownFileType = sourcecode.cpp.cpp; path = GameScreen.cpp; sourceTree = "<group>"; };
		17D5AA78176CB20800FFF6F4 /* GameScreen.h */ = {isa = PBXFileReference; fileEncoding = 4; lastKnownFileType = sourcecode.c.h; path = GameScreen.h; sourceTree = "<group>"; };
		17F21D72176A31E800436390 /* MenuScreen.cpp */ = {isa = PBXFileReference; fileEncoding = 4; lastKnownFileType = sourcecode.cpp.cpp; path = MenuScreen.cpp; sourceTree = "<group>"; };
		17F21D73176A31E800436390 /* MenuScreen.h */ = {isa = PBXFileReference; fileEncoding = 4; lastKnownFileType = sourcecode.c.h; path = MenuScreen.h; sourceTree = "<group>"; };
		17F21D74176A31E800436390 /* Screen.cpp */ = {isa = PBXFileReference; fileEncoding = 4; lastKnownFileType = sourcecode.cpp.cpp; path = Screen.cpp; sourceTree = "<group>"; };
		17F21D75176A31E800436390 /* Screen.h */ = {isa = PBXFileReference; fileEncoding = 4; lastKnownFileType = sourcecode.c.h; path = Screen.h; sourceTree = "<group>"; };
		17F21D79176A31FB00436390 /* Tahoma.ttf */ = {isa = PBXFileReference; lastKnownFileType = file; path = Tahoma.ttf; sourceTree = "<group>"; };
		17FE58D6177055B6005F14BB /* 1370176399.png */ = {isa = PBXFileReference; lastKnownFileType = image.png; path = 1370176399.png; sourceTree = "<group>"; };
		17FE58D7177055B6005F14BB /* 1370176399.track */ = {isa = PBXFileReference; fileEncoding = 4; lastKnownFileType = text; path = 1370176399.track; sourceTree = "<group>"; };
		17FE58D8177055B6005F14BB /* 1370176408.png */ = {isa = PBXFileReference; lastKnownFileType = image.png; path = 1370176408.png; sourceTree = "<group>"; };
		17FE58D9177055B6005F14BB /* 1370176408.track */ = {isa = PBXFileReference; fileEncoding = 4; lastKnownFileType = text; path = 1370176408.track; sourceTree = "<group>"; };
		17FE58DA177055B6005F14BB /* 1370176430.png */ = {isa = PBXFileReference; lastKnownFileType = image.png; path = 1370176430.png; sourceTree = "<group>"; };
		17FE58DB177055B6005F14BB /* 1370176430.track */ = {isa = PBXFileReference; fileEncoding = 4; lastKnownFileType = text; path = 1370176430.track; sourceTree = "<group>"; };
		17FE58DC177055B6005F14BB /* 1370176518.png */ = {isa = PBXFileReference; lastKnownFileType = image.png; path = 1370176518.png; sourceTree = "<group>"; };
		17FE58DD177055B6005F14BB /* 1370176518.track */ = {isa = PBXFileReference; fileEncoding = 4; lastKnownFileType = text; path = 1370176518.track; sourceTree = "<group>"; };
		17FE58DE177055B6005F14BB /* 1370176551.png */ = {isa = PBXFileReference; lastKnownFileType = image.png; path = 1370176551.png; sourceTree = "<group>"; };
		17FE58DF177055B6005F14BB /* 1370176551.track */ = {isa = PBXFileReference; fileEncoding = 4; lastKnownFileType = text; path = 1370176551.track; sourceTree = "<group>"; };
		17FE58E0177055B6005F14BB /* 1370176970.png */ = {isa = PBXFileReference; lastKnownFileType = image.png; path = 1370176970.png; sourceTree = "<group>"; };
		17FE58E1177055B6005F14BB /* 1370176970.track */ = {isa = PBXFileReference; fileEncoding = 4; lastKnownFileType = text; path = 1370176970.track; sourceTree = "<group>"; };
		17FE58E2177055B6005F14BB /* 1370180060.png */ = {isa = PBXFileReference; lastKnownFileType = image.png; path = 1370180060.png; sourceTree = "<group>"; };
		17FE58E3177055B6005F14BB /* 1370180060.track */ = {isa = PBXFileReference; fileEncoding = 4; lastKnownFileType = text; path = 1370180060.track; sourceTree = "<group>"; };
		17FE58E4177055B6005F14BB /* 1370180245.png */ = {isa = PBXFileReference; lastKnownFileType = image.png; path = 1370180245.png; sourceTree = "<group>"; };
		17FE58E5177055B6005F14BB /* 1370180245.track */ = {isa = PBXFileReference; fileEncoding = 4; lastKnownFileType = text; path = 1370180245.track; sourceTree = "<group>"; };
		17FE58E6177055B6005F14BB /* 1370182596.png */ = {isa = PBXFileReference; lastKnownFileType = image.png; path = 1370182596.png; sourceTree = "<group>"; };
		17FE58E7177055B6005F14BB /* 1370182596.track */ = {isa = PBXFileReference; fileEncoding = 4; lastKnownFileType = text; path = 1370182596.track; sourceTree = "<group>"; };
		17FE58E8177055B6005F14BB /* 1370183010.png */ = {isa = PBXFileReference; lastKnownFileType = image.png; path = 1370183010.png; sourceTree = "<group>"; };
		17FE58E9177055B6005F14BB /* 1370183010.track */ = {isa = PBXFileReference; fileEncoding = 4; lastKnownFileType = text; path = 1370183010.track; sourceTree = "<group>"; };
		17FE58EA177055B6005F14BB /* 1370187298.png */ = {isa = PBXFileReference; lastKnownFileType = image.png; path = 1370187298.png; sourceTree = "<group>"; };
		17FE58EB177055B6005F14BB /* 1370187298.track */ = {isa = PBXFileReference; fileEncoding = 4; lastKnownFileType = text; path = 1370187298.track; sourceTree = "<group>"; };
		17FE58EC177055B6005F14BB /* 1370249827.png */ = {isa = PBXFileReference; lastKnownFileType = image.png; path = 1370249827.png; sourceTree = "<group>"; };
		17FE58ED177055B6005F14BB /* 1370249827.track */ = {isa = PBXFileReference; fileEncoding = 4; lastKnownFileType = text; path = 1370249827.track; sourceTree = "<group>"; };
		17FE58EE177055B6005F14BB /* 1370251183.png */ = {isa = PBXFileReference; lastKnownFileType = image.png; path = 1370251183.png; sourceTree = "<group>"; };
		17FE58EF177055B6005F14BB /* 1370251183.track */ = {isa = PBXFileReference; fileEncoding = 4; lastKnownFileType = text; path = 1370251183.track; sourceTree = "<group>"; };
		17FE58F0177055B6005F14BB /* 1370251435.png */ = {isa = PBXFileReference; lastKnownFileType = image.png; path = 1370251435.png; sourceTree = "<group>"; };
		17FE58F1177055B6005F14BB /* 1370251435.track */ = {isa = PBXFileReference; fileEncoding = 4; lastKnownFileType = text; path = 1370251435.track; sourceTree = "<group>"; };
		17FE58F2177055B6005F14BB /* 1370251576.png */ = {isa = PBXFileReference; lastKnownFileType = image.png; path = 1370251576.png; sourceTree = "<group>"; };
		17FE58F3177055B6005F14BB /* 1370251576.track */ = {isa = PBXFileReference; fileEncoding = 4; lastKnownFileType = text; path = 1370251576.track; sourceTree = "<group>"; };
		17FE58F4177055B6005F14BB /* 1370251611.png */ = {isa = PBXFileReference; lastKnownFileType = image.png; path = 1370251611.png; sourceTree = "<group>"; };
		17FE58F5177055B6005F14BB /* 1370251611.track */ = {isa = PBXFileReference; fileEncoding = 4; lastKnownFileType = text; path = 1370251611.track; sourceTree = "<group>"; };
		17FE58F6177055B6005F14BB /* 1370251627.png */ = {isa = PBXFileReference; lastKnownFileType = image.png; path = 1370251627.png; sourceTree = "<group>"; };
		17FE58F7177055B6005F14BB /* 1370251627.track */ = {isa = PBXFileReference; fileEncoding = 4; lastKnownFileType = text; path = 1370251627.track; sourceTree = "<group>"; };
		17FE58F8177055B6005F14BB /* 1370251628.png */ = {isa = PBXFileReference; lastKnownFileType = image.png; path = 1370251628.png; sourceTree = "<group>"; };
		17FE58F9177055B6005F14BB /* 1370251628.track */ = {isa = PBXFileReference; fileEncoding = 4; lastKnownFileType = text; path = 1370251628.track; sourceTree = "<group>"; };
		17FE58FA177055B6005F14BB /* 1370251629.png */ = {isa = PBXFileReference; lastKnownFileType = image.png; path = 1370251629.png; sourceTree = "<group>"; };
		17FE58FB177055B6005F14BB /* 1370251629.track */ = {isa = PBXFileReference; fileEncoding = 4; lastKnownFileType = text; path = 1370251629.track; sourceTree = "<group>"; };
		17FE58FC177055B6005F14BB /* 1370251631.png */ = {isa = PBXFileReference; lastKnownFileType = image.png; path = 1370251631.png; sourceTree = "<group>"; };
		17FE58FD177055B6005F14BB /* 1370251631.track */ = {isa = PBXFileReference; fileEncoding = 4; lastKnownFileType = text; path = 1370251631.track; sourceTree = "<group>"; };
		17FE58FE177055B6005F14BB /* 1370251678.png */ = {isa = PBXFileReference; lastKnownFileType = image.png; path = 1370251678.png; sourceTree = "<group>"; };
		17FE58FF177055B6005F14BB /* 1370251678.track */ = {isa = PBXFileReference; fileEncoding = 4; lastKnownFileType = text; path = 1370251678.track; sourceTree = "<group>"; };
		17FE5900177055B6005F14BB /* 1370251722.png */ = {isa = PBXFileReference; lastKnownFileType = image.png; path = 1370251722.png; sourceTree = "<group>"; };
		17FE5901177055B6005F14BB /* 1370251722.track */ = {isa = PBXFileReference; fileEncoding = 4; lastKnownFileType = text; path = 1370251722.track; sourceTree = "<group>"; };
		17FE5902177055B6005F14BB /* 1370251787.png */ = {isa = PBXFileReference; lastKnownFileType = image.png; path = 1370251787.png; sourceTree = "<group>"; };
		17FE5903177055B6005F14BB /* 1370251787.track */ = {isa = PBXFileReference; fileEncoding = 4; lastKnownFileType = text; path = 1370251787.track; sourceTree = "<group>"; };
		17FE5904177055B6005F14BB /* 1370251826.png */ = {isa = PBXFileReference; lastKnownFileType = image.png; path = 1370251826.png; sourceTree = "<group>"; };
		17FE5905177055B6005F14BB /* 1370251826.track */ = {isa = PBXFileReference; fileEncoding = 4; lastKnownFileType = text; path = 1370251826.track; sourceTree = "<group>"; };
		17FE5906177055B6005F14BB /* 1370251833.png */ = {isa = PBXFileReference; lastKnownFileType = image.png; path = 1370251833.png; sourceTree = "<group>"; };
		17FE5907177055B6005F14BB /* 1370251833.track */ = {isa = PBXFileReference; fileEncoding = 4; lastKnownFileType = text; path = 1370251833.track; sourceTree = "<group>"; };
		17FE5908177055B6005F14BB /* 1370251954.png */ = {isa = PBXFileReference; lastKnownFileType = image.png; path = 1370251954.png; sourceTree = "<group>"; };
		17FE5909177055B6005F14BB /* 1370251954.track */ = {isa = PBXFileReference; fileEncoding = 4; lastKnownFileType = text; path = 1370251954.track; sourceTree = "<group>"; };
		17FE590A177055B6005F14BB /* 1370251955.png */ = {isa = PBXFileReference; lastKnownFileType = image.png; path = 1370251955.png; sourceTree = "<group>"; };
		17FE590B177055B6005F14BB /* 1370251955.track */ = {isa = PBXFileReference; fileEncoding = 4; lastKnownFileType = text; path = 1370251955.track; sourceTree = "<group>"; };
		17FE590C177055B6005F14BB /* 1370260639.png */ = {isa = PBXFileReference; lastKnownFileType = image.png; path = 1370260639.png; sourceTree = "<group>"; };
		17FE590D177055B7005F14BB /* 1370260639.track */ = {isa = PBXFileReference; fileEncoding = 4; lastKnownFileType = text; path = 1370260639.track; sourceTree = "<group>"; };
		17FE590E177055B7005F14BB /* 1370880121.png */ = {isa = PBXFileReference; lastKnownFileType = image.png; path = 1370880121.png; sourceTree = "<group>"; };
		17FE590F177055B7005F14BB /* 1370880121.track */ = {isa = PBXFileReference; fileEncoding = 4; lastKnownFileType = text; path = 1370880121.track; sourceTree = "<group>"; };
		17FE5910177055B7005F14BB /* 1370880838.png */ = {isa = PBXFileReference; lastKnownFileType = image.png; path = 1370880838.png; sourceTree = "<group>"; };
		17FE5911177055B7005F14BB /* 1370880838.track */ = {isa = PBXFileReference; fileEncoding = 4; lastKnownFileType = text; path = 1370880838.track; sourceTree = "<group>"; };
		17FE5912177055B7005F14BB /* 1370880906.png */ = {isa = PBXFileReference; lastKnownFileType = image.png; path = 1370880906.png; sourceTree = "<group>"; };
		17FE5913177055B7005F14BB /* 1370880906.track */ = {isa = PBXFileReference; fileEncoding = 4; lastKnownFileType = text; path = 1370880906.track; sourceTree = "<group>"; };
		17FE5914177055B7005F14BB /* 1371119615.png */ = {isa = PBXFileReference; lastKnownFileType = image.png; path = 1371119615.png; sourceTree = "<group>"; };
		17FE5915177055B7005F14BB /* 1371119615.track */ = {isa = PBXFileReference; fileEncoding = 4; lastKnownFileType = text; path = 1371119615.track; sourceTree = "<group>"; };
		17FE5916177055B7005F14BB /* 1371119878.png */ = {isa = PBXFileReference; lastKnownFileType = image.png; path = 1371119878.png; sourceTree = "<group>"; };
		17FE5917177055B7005F14BB /* 1371119878.track */ = {isa = PBXFileReference; fileEncoding = 4; lastKnownFileType = text; path = 1371119878.track; sourceTree = "<group>"; };
		17FE5918177055B7005F14BB /* 1371119935.png */ = {isa = PBXFileReference; lastKnownFileType = image.png; path = 1371119935.png; sourceTree = "<group>"; };
		17FE5919177055B7005F14BB /* 1371119935.track */ = {isa = PBXFileReference; fileEncoding = 4; lastKnownFileType = text; path = 1371119935.track; sourceTree = "<group>"; };
		3D679022175A4C4B0061B88D /* Rac0r.app */ = {isa = PBXFileReference; explicitFileType = wrapper.application; includeInIndex = 0; path = Rac0r.app; sourceTree = BUILT_PRODUCTS_DIR; };
		3D679026175A4C4B0061B88D /* Rac0r-Info.plist */ = {isa = PBXFileReference; lastKnownFileType = text.plist.xml; path = "Rac0r-Info.plist"; sourceTree = "<group>"; };
		3D67904F175BD8110061B88D /* OpenGL.framework */ = {isa = PBXFileReference; lastKnownFileType = wrapper.framework; name = OpenGL.framework; path = /System/Library/Frameworks/OpenGL.framework; sourceTree = "<absolute>"; };
		3D679054175BE7DE0061B88D /* vector2.h */ = {isa = PBXFileReference; fileEncoding = 4; lastKnownFileType = sourcecode.c.h; path = vector2.h; sourceTree = "<group>"; };
		3D6790671760DF820061B88D /* TrackDrawable.cpp */ = {isa = PBXFileReference; fileEncoding = 4; lastKnownFileType = sourcecode.cpp.cpp; path = TrackDrawable.cpp; sourceTree = "<group>"; };
		3D6790681760DF820061B88D /* TrackDrawable.h */ = {isa = PBXFileReference; fileEncoding = 4; lastKnownFileType = sourcecode.c.h; path = TrackDrawable.h; sourceTree = "<group>"; };
		3D6790691760DF820061B88D /* TrackLoader.cpp */ = {isa = PBXFileReference; fileEncoding = 4; lastKnownFileType = sourcecode.cpp.cpp; path = TrackLoader.cpp; sourceTree = "<group>"; };
		3D67906A1760DF820061B88D /* TrackLoader.h */ = {isa = PBXFileReference; fileEncoding = 4; lastKnownFileType = sourcecode.c.h; path = TrackLoader.h; sourceTree = "<group>"; };
		3D67906D1760DFA20061B88D /* main.cpp */ = {isa = PBXFileReference; fileEncoding = 4; lastKnownFileType = sourcecode.cpp.cpp; path = main.cpp; sourceTree = "<group>"; };
		3D6790741760DFE20061B88D /* icon.png */ = {isa = PBXFileReference; lastKnownFileType = image.png; path = icon.png; sourceTree = "<group>"; };
		3D6790751760DFE20061B88D /* sansation.ttf */ = {isa = PBXFileReference; lastKnownFileType = file; path = sansation.ttf; sourceTree = "<group>"; };
		3D6790781760E0310061B88D /* ResourcePath.hpp */ = {isa = PBXFileReference; fileEncoding = 4; lastKnownFileType = sourcecode.cpp.h; name = ResourcePath.hpp; path = Rac0r/classes/ResourcePath.hpp; sourceTree = SOURCE_ROOT; };
		3D6790791760E0310061B88D /* ResourcePath.mm */ = {isa = PBXFileReference; fileEncoding = 4; lastKnownFileType = sourcecode.cpp.objcpp; name = ResourcePath.mm; path = Rac0r/classes/ResourcePath.mm; sourceTree = SOURCE_ROOT; };
		3D67909717664E6E0061B88D /* Track.cpp */ = {isa = PBXFileReference; fileEncoding = 4; lastKnownFileType = sourcecode.cpp.cpp; path = Track.cpp; sourceTree = "<group>"; };
		3D67909817664E6F0061B88D /* Track.h */ = {isa = PBXFileReference; fileEncoding = 4; lastKnownFileType = sourcecode.c.h; path = Track.h; sourceTree = "<group>"; };
		3D67909F1766892E0061B88D /* Car.cpp */ = {isa = PBXFileReference; fileEncoding = 4; lastKnownFileType = sourcecode.cpp.cpp; name = Car.cpp; path = car/Car.cpp; sourceTree = "<group>"; };
		3D6790A01766892E0061B88D /* Car.h */ = {isa = PBXFileReference; fileEncoding = 4; lastKnownFileType = sourcecode.c.h; name = Car.h; path = car/Car.h; sourceTree = "<group>"; };
		DF780F3F176E541500D4E41A /* View.cpp */ = {isa = PBXFileReference; fileEncoding = 4; lastKnownFileType = sourcecode.cpp.cpp; name = View.cpp; path = view/View.cpp; sourceTree = "<group>"; };
		DF780F40176E541500D4E41A /* View.h */ = {isa = PBXFileReference; fileEncoding = 4; lastKnownFileType = sourcecode.c.h; name = View.h; path = view/View.h; sourceTree = "<group>"; };
		DFEFE0B0176FDCCA001708C8 /* PlayerChooserView.cpp */ = {isa = PBXFileReference; fileEncoding = 4; lastKnownFileType = sourcecode.cpp.cpp; name = PlayerChooserView.cpp; path = view/PlayerChooserView.cpp; sourceTree = "<group>"; };
		DFEFE0B1176FDCCA001708C8 /* PlayerChooserView.h */ = {isa = PBXFileReference; fileEncoding = 4; lastKnownFileType = sourcecode.c.h; name = PlayerChooserView.h; path = view/PlayerChooserView.h; sourceTree = "<group>"; };
		DFEFE0B5176FED83001708C8 /* arrowDown.png */ = {isa = PBXFileReference; lastKnownFileType = image.png; path = arrowDown.png; sourceTree = "<group>"; };
		DFEFE0B6176FED83001708C8 /* arrowRight.png */ = {isa = PBXFileReference; lastKnownFileType = image.png; path = arrowRight.png; sourceTree = "<group>"; };
		DFEFE0B9176FEEAC001708C8 /* arrowUp.png */ = {isa = PBXFileReference; lastKnownFileType = image.png; path = arrowUp.png; sourceTree = "<group>"; };
/* End PBXFileReference section */

/* Begin PBXFrameworksBuildPhase section */
		3D67901E175A4C4B0061B88D /* Frameworks */ = {
			isa = PBXFrameworksBuildPhase;
			buildActionMask = 2147483647;
			files = (
				3D679050175BD8110061B88D /* OpenGL.framework in Frameworks */,
			);
			runOnlyForDeploymentPostprocessing = 0;
		};
/* End PBXFrameworksBuildPhase section */

/* Begin PBXGroup section */
		17F21D71176A31E800436390 /* ui */ = {
			isa = PBXGroup;
			children = (
				17F21D74176A31E800436390 /* Screen.cpp */,
				17F21D75176A31E800436390 /* Screen.h */,
				17F21D72176A31E800436390 /* MenuScreen.cpp */,
				17F21D73176A31E800436390 /* MenuScreen.h */,
				17D5AA77176CB20800FFF6F4 /* GameScreen.cpp */,
				17D5AA78176CB20800FFF6F4 /* GameScreen.h */,
			);
			path = ui;
			sourceTree = "<group>";
		};
		17F21D78176A31FB00436390 /* fonts */ = {
			isa = PBXGroup;
			children = (
				17F21D79176A31FB00436390 /* Tahoma.ttf */,
			);
			path = fonts;
			sourceTree = "<group>";
		};
		3D679018175A4C4B0061B88D = {
			isa = PBXGroup;
			children = (
				3D679024175A4C4B0061B88D /* Rac0r */,
				3D679023175A4C4B0061B88D /* Products */,
			);
			sourceTree = "<group>";
		};
		3D679023175A4C4B0061B88D /* Products */ = {
			isa = PBXGroup;
			children = (
				3D679022175A4C4B0061B88D /* Rac0r.app */,
			);
			name = Products;
			sourceTree = "<group>";
		};
		3D679024175A4C4B0061B88D /* Rac0r */ = {
			isa = PBXGroup;
			children = (
				3D67903A175A4CD70061B88D /* classes */,
				3D67902C175A4C4B0061B88D /* Resources */,
				3D679025175A4C4B0061B88D /* Supporting Files */,
				3D679051175BD8310061B88D /* Frameworks */,
			);
			path = Rac0r;
			sourceTree = "<group>";
		};
		3D679025175A4C4B0061B88D /* Supporting Files */ = {
			isa = PBXGroup;
			children = (
				3D679026175A4C4B0061B88D /* Rac0r-Info.plist */,
			);
			name = "Supporting Files";
			sourceTree = "<group>";
		};
		3D67902C175A4C4B0061B88D /* Resources */ = {
			isa = PBXGroup;
			children = (
				DFEFE0B9176FEEAC001708C8 /* arrowUp.png */,
				DFEFE0B5176FED83001708C8 /* arrowDown.png */,
				DFEFE0B6176FED83001708C8 /* arrowRight.png */,
				174DF7DF176F806700FE4F40 /* logo.png */,
				3D6790741760DFE20061B88D /* icon.png */,
				3D6790751760DFE20061B88D /* sansation.ttf */,
				17F21D78176A31FB00436390 /* fonts */,
				3D67905B175CF28D0061B88D /* tracks */,
			);
			name = Resources;
			path = ../../assets;
			sourceTree = "<group>";
		};
		3D67903A175A4CD70061B88D /* classes */ = {
			isa = PBXGroup;
			children = (
				3D6790781760E0310061B88D /* ResourcePath.hpp */,
				3D6790791760E0310061B88D /* ResourcePath.mm */,
				3D67906D1760DFA20061B88D /* main.cpp */,
				DF780F3A176E220B00D4E41A /* view */,
				17F21D71176A31E800436390 /* ui */,
				3D679052175BE75F0061B88D /* utils */,
				3D679048175A59D00061B88D /* track */,
				3D67909E176688010061B88D /* car */,
			);
			name = classes;
			path = ../../source;
			sourceTree = "<group>";
		};
		3D679048175A59D00061B88D /* track */ = {
			isa = PBXGroup;
			children = (
				174DF7E1176F8AB300FE4F40 /* TrackFile.h */,
				174DF7E2176F8AB300FE4F40 /* TrackFileManager.cpp */,
				174DF7E3176F8AB300FE4F40 /* TrackFileManager.h */,
				3D6790671760DF820061B88D /* TrackDrawable.cpp */,
				3D6790681760DF820061B88D /* TrackDrawable.h */,
				3D6790691760DF820061B88D /* TrackLoader.cpp */,
				3D67906A1760DF820061B88D /* TrackLoader.h */,
				3D67909717664E6E0061B88D /* Track.cpp */,
				3D67909817664E6F0061B88D /* Track.h */,
			);
			path = track;
			sourceTree = "<group>";
		};
		3D679051175BD8310061B88D /* Frameworks */ = {
			isa = PBXGroup;
			children = (
				3D67904F175BD8110061B88D /* OpenGL.framework */,
			);
			name = Frameworks;
			sourceTree = "<group>";
		};
		3D679052175BE75F0061B88D /* utils */ = {
			isa = PBXGroup;
			children = (
				3D679054175BE7DE0061B88D /* vector2.h */,
			);
			path = utils;
			sourceTree = "<group>";
		};
		3D67905B175CF28D0061B88D /* tracks */ = {
			isa = PBXGroup;
			children = (
				17FE58D6177055B6005F14BB /* 1370176399.png */,
				17FE58D7177055B6005F14BB /* 1370176399.track */,
				17FE58D8177055B6005F14BB /* 1370176408.png */,
				17FE58D9177055B6005F14BB /* 1370176408.track */,
				17FE58DA177055B6005F14BB /* 1370176430.png */,
				17FE58DB177055B6005F14BB /* 1370176430.track */,
				17FE58DC177055B6005F14BB /* 1370176518.png */,
				17FE58DD177055B6005F14BB /* 1370176518.track */,
				17FE58DE177055B6005F14BB /* 1370176551.png */,
				17FE58DF177055B6005F14BB /* 1370176551.track */,
				17FE58E0177055B6005F14BB /* 1370176970.png */,
				17FE58E1177055B6005F14BB /* 1370176970.track */,
				17FE58E2177055B6005F14BB /* 1370180060.png */,
				17FE58E3177055B6005F14BB /* 1370180060.track */,
				17FE58E4177055B6005F14BB /* 1370180245.png */,
				17FE58E5177055B6005F14BB /* 1370180245.track */,
				17FE58E6177055B6005F14BB /* 1370182596.png */,
				17FE58E7177055B6005F14BB /* 1370182596.track */,
				17FE58E8177055B6005F14BB /* 1370183010.png */,
				17FE58E9177055B6005F14BB /* 1370183010.track */,
				17FE58EA177055B6005F14BB /* 1370187298.png */,
				17FE58EB177055B6005F14BB /* 1370187298.track */,
				17FE58EC177055B6005F14BB /* 1370249827.png */,
				17FE58ED177055B6005F14BB /* 1370249827.track */,
				17FE58EE177055B6005F14BB /* 1370251183.png */,
				17FE58EF177055B6005F14BB /* 1370251183.track */,
				17FE58F0177055B6005F14BB /* 1370251435.png */,
				17FE58F1177055B6005F14BB /* 1370251435.track */,
				17FE58F2177055B6005F14BB /* 1370251576.png */,
				17FE58F3177055B6005F14BB /* 1370251576.track */,
				17FE58F4177055B6005F14BB /* 1370251611.png */,
				17FE58F5177055B6005F14BB /* 1370251611.track */,
				17FE58F6177055B6005F14BB /* 1370251627.png */,
				17FE58F7177055B6005F14BB /* 1370251627.track */,
				17FE58F8177055B6005F14BB /* 1370251628.png */,
				17FE58F9177055B6005F14BB /* 1370251628.track */,
				17FE58FA177055B6005F14BB /* 1370251629.png */,
				17FE58FB177055B6005F14BB /* 1370251629.track */,
				17FE58FC177055B6005F14BB /* 1370251631.png */,
				17FE58FD177055B6005F14BB /* 1370251631.track */,
				17FE58FE177055B6005F14BB /* 1370251678.png */,
				17FE58FF177055B6005F14BB /* 1370251678.track */,
				17FE5900177055B6005F14BB /* 1370251722.png */,
				17FE5901177055B6005F14BB /* 1370251722.track */,
				17FE5902177055B6005F14BB /* 1370251787.png */,
				17FE5903177055B6005F14BB /* 1370251787.track */,
				17FE5904177055B6005F14BB /* 1370251826.png */,
				17FE5905177055B6005F14BB /* 1370251826.track */,
				17FE5906177055B6005F14BB /* 1370251833.png */,
				17FE5907177055B6005F14BB /* 1370251833.track */,
				17FE5908177055B6005F14BB /* 1370251954.png */,
				17FE5909177055B6005F14BB /* 1370251954.track */,
				17FE590A177055B6005F14BB /* 1370251955.png */,
				17FE590B177055B6005F14BB /* 1370251955.track */,
				17FE590C177055B6005F14BB /* 1370260639.png */,
				17FE590D177055B7005F14BB /* 1370260639.track */,
				17FE590E177055B7005F14BB /* 1370880121.png */,
				17FE590F177055B7005F14BB /* 1370880121.track */,
				17FE5910177055B7005F14BB /* 1370880838.png */,
				17FE5911177055B7005F14BB /* 1370880838.track */,
				17FE5912177055B7005F14BB /* 1370880906.png */,
				17FE5913177055B7005F14BB /* 1370880906.track */,
				17FE5914177055B7005F14BB /* 1371119615.png */,
				17FE5915177055B7005F14BB /* 1371119615.track */,
				17FE5916177055B7005F14BB /* 1371119878.png */,
				17FE5917177055B7005F14BB /* 1371119878.track */,
				17FE5918177055B7005F14BB /* 1371119935.png */,
				17FE5919177055B7005F14BB /* 1371119935.track */,
			);
			path = tracks;
			sourceTree = "<group>";
		};
		3D67909E176688010061B88D /* car */ = {
			isa = PBXGroup;
			children = (
				3D67909F1766892E0061B88D /* Car.cpp */,
				3D6790A01766892E0061B88D /* Car.h */,
			);
			name = car;
			sourceTree = "<group>";
		};
		DF780F3A176E220B00D4E41A /* view */ = {
			isa = PBXGroup;
			children = (
				DF780F3F176E541500D4E41A /* View.cpp */,
				DF780F40176E541500D4E41A /* View.h */,
				DFEFE0B0176FDCCA001708C8 /* PlayerChooserView.cpp */,
				DFEFE0B1176FDCCA001708C8 /* PlayerChooserView.h */,
				1724939A17705F5B00CED207 /* TrackChooserView.cpp */,
				1724939B17705F5B00CED207 /* TrackChooserView.h */,
			);
			name = view;
			sourceTree = "<group>";
		};
/* End PBXGroup section */

/* Begin PBXNativeTarget section */
		3D679021175A4C4B0061B88D /* Rac0r */ = {
			isa = PBXNativeTarget;
			buildConfigurationList = 3D679037175A4C4B0061B88D /* Build configuration list for PBXNativeTarget "Rac0r" */;
			buildPhases = (
				3D67901D175A4C4B0061B88D /* Sources */,
				3D67901E175A4C4B0061B88D /* Frameworks */,
				3D67901F175A4C4B0061B88D /* Resources */,
				3D679020175A4C4B0061B88D /* ShellScript */,
			);
			buildRules = (
			);
			dependencies = (
			);
			name = Rac0r;
			productName = Rac0r;
			productReference = 3D679022175A4C4B0061B88D /* Rac0r.app */;
			productType = "com.apple.product-type.application";
		};
/* End PBXNativeTarget section */

/* Begin PBXProject section */
		3D679019175A4C4B0061B88D /* Project object */ = {
			isa = PBXProject;
			attributes = {
				LastUpgradeCheck = 0460;
				ORGANIZATIONNAME = "Jan Schulte";
			};
			buildConfigurationList = 3D67901C175A4C4B0061B88D /* Build configuration list for PBXProject "Rac0r" */;
			compatibilityVersion = "Xcode 3.2";
			developmentRegion = English;
			hasScannedForEncodings = 0;
			knownRegions = (
				en,
			);
			mainGroup = 3D679018175A4C4B0061B88D;
			productRefGroup = 3D679023175A4C4B0061B88D /* Products */;
			projectDirPath = "";
			projectRoot = "";
			targets = (
				3D679021175A4C4B0061B88D /* Rac0r */,
			);
		};
/* End PBXProject section */

/* Begin PBXResourcesBuildPhase section */
		3D67901F175A4C4B0061B88D /* Resources */ = {
			isa = PBXResourcesBuildPhase;
			buildActionMask = 2147483647;
			files = (
				3D6790761760DFE20061B88D /* icon.png in Resources */,
				3D6790771760DFE20061B88D /* sansation.ttf in Resources */,
				17F21D7A176A31FB00436390 /* Tahoma.ttf in Resources */,
				174DF7E0176F806700FE4F40 /* logo.png in Resources */,
				DFEFE0B7176FED83001708C8 /* arrowDown.png in Resources */,
				DFEFE0B8176FED83001708C8 /* arrowRight.png in Resources */,
				DFEFE0BA176FEEAC001708C8 /* arrowUp.png in Resources */,
				17FE591A177055B7005F14BB /* 1370176399.png in Resources */,
				17FE591B177055B7005F14BB /* 1370176399.track in Resources */,
				17FE591C177055B7005F14BB /* 1370176408.png in Resources */,
				17FE591D177055B7005F14BB /* 1370176408.track in Resources */,
				17FE591E177055B7005F14BB /* 1370176430.png in Resources */,
				17FE591F177055B7005F14BB /* 1370176430.track in Resources */,
				17FE5920177055B7005F14BB /* 1370176518.png in Resources */,
				17FE5921177055B7005F14BB /* 1370176518.track in Resources */,
				17FE5922177055B7005F14BB /* 1370176551.png in Resources */,
				17FE5923177055B7005F14BB /* 1370176551.track in Resources */,
				17FE5924177055B7005F14BB /* 1370176970.png in Resources */,
				17FE5925177055B7005F14BB /* 1370176970.track in Resources */,
				17FE5926177055B7005F14BB /* 1370180060.png in Resources */,
				17FE5927177055B7005F14BB /* 1370180060.track in Resources */,
				17FE5928177055B7005F14BB /* 1370180245.png in Resources */,
				17FE5929177055B7005F14BB /* 1370180245.track in Resources */,
				17FE592A177055B7005F14BB /* 1370182596.png in Resources */,
				17FE592B177055B7005F14BB /* 1370182596.track in Resources */,
				17FE592C177055B7005F14BB /* 1370183010.png in Resources */,
				17FE592D177055B7005F14BB /* 1370183010.track in Resources */,
				17FE592E177055B7005F14BB /* 1370187298.png in Resources */,
				17FE592F177055B7005F14BB /* 1370187298.track in Resources */,
				17FE5930177055B7005F14BB /* 1370249827.png in Resources */,
				17FE5931177055B7005F14BB /* 1370249827.track in Resources */,
				17FE5932177055B7005F14BB /* 1370251183.png in Resources */,
				17FE5933177055B7005F14BB /* 1370251183.track in Resources */,
				17FE5934177055B7005F14BB /* 1370251435.png in Resources */,
				17FE5935177055B7005F14BB /* 1370251435.track in Resources */,
				17FE5936177055B7005F14BB /* 1370251576.png in Resources */,
				17FE5937177055B7005F14BB /* 1370251576.track in Resources */,
				17FE5938177055B7005F14BB /* 1370251611.png in Resources */,
				17FE5939177055B7005F14BB /* 1370251611.track in Resources */,
				17FE593A177055B7005F14BB /* 1370251627.png in Resources */,
				17FE593B177055B7005F14BB /* 1370251627.track in Resources */,
				17FE593C177055B7005F14BB /* 1370251628.png in Resources */,
				17FE593D177055B7005F14BB /* 1370251628.track in Resources */,
				17FE593E177055B7005F14BB /* 1370251629.png in Resources */,
				17FE593F177055B7005F14BB /* 1370251629.track in Resources */,
				17FE5940177055B7005F14BB /* 1370251631.png in Resources */,
				17FE5941177055B7005F14BB /* 1370251631.track in Resources */,
				17FE5942177055B7005F14BB /* 1370251678.png in Resources */,
				17FE5943177055B7005F14BB /* 1370251678.track in Resources */,
				17FE5944177055B7005F14BB /* 1370251722.png in Resources */,
				17FE5945177055B7005F14BB /* 1370251722.track in Resources */,
				17FE5946177055B7005F14BB /* 1370251787.png in Resources */,
				17FE5947177055B7005F14BB /* 1370251787.track in Resources */,
				17FE5948177055B7005F14BB /* 1370251826.png in Resources */,
				17FE5949177055B7005F14BB /* 1370251826.track in Resources */,
				17FE594A177055B7005F14BB /* 1370251833.png in Resources */,
				17FE594B177055B7005F14BB /* 1370251833.track in Resources */,
				17FE594C177055B7005F14BB /* 1370251954.png in Resources */,
				17FE594D177055B7005F14BB /* 1370251954.track in Resources */,
				17FE594E177055B7005F14BB /* 1370251955.png in Resources */,
				17FE594F177055B7005F14BB /* 1370251955.track in Resources */,
				17FE5950177055B7005F14BB /* 1370260639.png in Resources */,
				17FE5951177055B7005F14BB /* 1370260639.track in Resources */,
				17FE5952177055B7005F14BB /* 1370880121.png in Resources */,
				17FE5953177055B7005F14BB /* 1370880121.track in Resources */,
				17FE5954177055B7005F14BB /* 1370880838.png in Resources */,
				17FE5955177055B7005F14BB /* 1370880838.track in Resources */,
				17FE5956177055B7005F14BB /* 1370880906.png in Resources */,
				17FE5957177055B7005F14BB /* 1370880906.track in Resources */,
				17FE5958177055B7005F14BB /* 1371119615.png in Resources */,
				17FE5959177055B7005F14BB /* 1371119615.track in Resources */,
				17FE595A177055B7005F14BB /* 1371119878.png in Resources */,
				17FE595B177055B7005F14BB /* 1371119878.track in Resources */,
				17FE595C177055B7005F14BB /* 1371119935.png in Resources */,
				17FE595D177055B7005F14BB /* 1371119935.track in Resources */,
			);
			runOnlyForDeploymentPostprocessing = 0;
		};
/* End PBXResourcesBuildPhase section */

/* Begin PBXShellScriptBuildPhase section */
		3D679020175A4C4B0061B88D /* ShellScript */ = {
			isa = PBXShellScriptBuildPhase;
			buildActionMask = 2147483647;
			files = (
			);
			inputPaths = (
			);
			outputPaths = (
			);
			runOnlyForDeploymentPostprocessing = 0;
			shellPath = /bin/sh;
			shellScript = "# This shell script simply copies required sfml dylibs/frameworks into the application bundle frameworks folder.\n# If you're using static libraries (which is not recommended) you should remove this script from your project.\n\n# Are we building a project that uses framework or dylibs ?\ncase \"$SFML_BINARY_TYPE\" in\n    DYLIBS)\n        frameworks=\"false\"\n        ;;\n    *)\n        frameworks=\"true\"\n        ;;\nesac\n\n# Echoes to stderr\nerror () # $* message to display\n{\n    echo $* 1>&2\n    exit 2\n}\n\nassert () # $1 is a boolean, $2...N is an error message\n{\n    if [ $# -lt 2 ]\n    then\n        error \"Internal error in assert : not enough args\"\n    fi\n\n    if [ $1 -ne 0 ]\n    then\n        shift\n        error \"$*\"\n    fi\n}\n\nforce_remove () # $1 is a path\n{\n    test $# -eq 1\n    assert $? \"force_remove() requires one parameter\"\n    rm -fr \"$1\"\n    assert $? \"couldn't remove $1\"\n}\n\ncopy () # $1 is a source, $2 is a destination\n{\n    test $# -eq 2\n    assert $? \"copy() requires two parameters\"\n    ditto \"$1\" \"$2\"\n    assert $? \"couldn't copy $1 to $2\"\n}\n\nrequire () # $1 is a SFML module like 'system' or 'audio'\n{\n    dest=\"$BUILT_PRODUCTS_DIR/$PRODUCT_NAME.app/Contents/Frameworks\"\n    \n    if [ -z \"$1\" ]\n    then\n        error \"require() requires one parameter!\"\n    else\n        # clean potentially old stuff\n        force_remove \"$dest/libsfml-$1.2.dylib\"\n        force_remove \"$dest/libsfml-$1-d.2.dylib\"\n        force_remove \"$dest/sfml-$1.framework\"\n    \n        # copy SFML libraries\n        if [ \"$frameworks\" = \"true\" ]\n        then\n            copy \"/Library/Frameworks/sfml-$1.framework\" \"$dest/sfml-$1.framework\"\n        elif [ $CONFIGURATION = \"Debug\" ] && [ $SFML_LINK_DYLIBS_SUFFIX_DEBUG != \"\" ]\n        then\n            copy \"/usr/local/lib/libsfml-$1-d.2.dylib\" \"$dest/libsfml-$1-d.2.dylib\"\n        else\n            copy \"/usr/local/lib/libsfml-$1.2.dylib\" \"$dest/libsfml-$1.2.dylib\"\n        fi\n        \n        if [ \"$1\" = \"audio\" ]\n        then\n            # copy sndfile framework too\n            copy \"/Library/Frameworks/sndfile.framework\" \"$dest/sndfile.framework\"\n        fi\n\n        if [ \"$1\" = \"graphics\" ]\n        then\n            # copy freetype framework too\n            copy \"/Library/Frameworks/freetype.framework\" \"$dest/freetype.framework\"\n        fi\n    fi\n}\n\nif [ -n \"$SFML_SYSTEM\" ]\nthen\n    require \"system\"\nfi\n\nif [ -n \"$SFML_AUDIO\" ]\nthen\n    require \"audio\"\nfi\n\nif [ -n \"$SFML_NETWORK\" ]\nthen\n    require \"network\"\nfi\n\nif [ -n \"$SFML_WINDOW\" ]\nthen\n    require \"window\"\nfi\n\nif [ -n \"$SFML_GRAPHICS\" ]\nthen\n    require \"graphics\"\nfi\n\n                ";
		};
/* End PBXShellScriptBuildPhase section */

/* Begin PBXSourcesBuildPhase section */
		3D67901D175A4C4B0061B88D /* Sources */ = {
			isa = PBXSourcesBuildPhase;
			buildActionMask = 2147483647;
			files = (
				3D67906B1760DF820061B88D /* TrackDrawable.cpp in Sources */,
				3D67906C1760DF820061B88D /* TrackLoader.cpp in Sources */,
				3D6790701760DFA20061B88D /* main.cpp in Sources */,
				3D67907A1760E0310061B88D /* ResourcePath.mm in Sources */,
				3D67909917664E6F0061B88D /* Track.cpp in Sources */,
				3D6790A11766892E0061B88D /* Car.cpp in Sources */,
				17F21D76176A31E800436390 /* MenuScreen.cpp in Sources */,
				17F21D77176A31E800436390 /* Screen.cpp in Sources */,
				17D5AA79176CB20800FFF6F4 /* GameScreen.cpp in Sources */,
				DF780F41176E541500D4E41A /* View.cpp in Sources */,
				174DF7E4176F8AB300FE4F40 /* TrackFileManager.cpp in Sources */,
				DFEFE0B2176FDCCA001708C8 /* PlayerChooserView.cpp in Sources */,
				1724939C17705F5B00CED207 /* TrackChooserView.cpp in Sources */,
			);
			runOnlyForDeploymentPostprocessing = 0;
		};
/* End PBXSourcesBuildPhase section */

/* Begin XCBuildConfiguration section */
		3D679035175A4C4B0061B88D /* Debug */ = {
			isa = XCBuildConfiguration;
			buildSettings = {
				ARCHS = "$(ARCHS_STANDARD_32_64_BIT)";
				CLANG_CXX_LANGUAGE_STANDARD = "c++0x";
				CLANG_CXX_LIBRARY = "libc++";
				CLANG_WARN_EMPTY_BODY = YES;
				CLANG_WARN__DUPLICATE_METHOD_MATCH = YES;
				FRAMEWORK_SEARCH_PATHS = (
					/Library/Frameworks/,
					"$(inherited)",
				);
				GCC_OPTIMIZATION_LEVEL = 0;
				GCC_PREPROCESSOR_DEFINITIONS = (
					"DEBUG=1",
					"$(inherited)",
				);
				GCC_VERSION = com.apple.compilers.llvm.clang.1_0;
				GCC_WARN_ABOUT_RETURN_TYPE = YES;
				GCC_WARN_UNINITIALIZED_AUTOS = YES;
				GCC_WARN_UNUSED_VARIABLE = YES;
				HEADER_SEARCH_PATHS = (
					/usr/local/include/,
					"$(inherited)",
				);
				LIBRARY_SEARCH_PATHS = (
					/usr/local/lib/,
					"$(inherited)",
				);
				ONLY_ACTIVE_ARCH = NO;
				OTHER_LDFLAGS = (
					"$(inherited)",
					"$(SFML_SYSTEM)",
					"$(SFML_WINDOW)",
					"$(SFML_GRAPHICS)",
					"$(SFML_AUDIO)",
					"$(SFML_NETWORK)",
				);
				SFML_AUDIO = "$(SFML_LINK_PREFIX)sfml-audio$(SFML_LINK_SUFFIX)";
				SFML_BINARY_TYPE = FRAMEWORKS;
				SFML_GRAPHICS = "$(SFML_LINK_PREFIX)sfml-graphics$(SFML_LINK_SUFFIX)";
				SFML_LINK_DYLIBS_PREFIX = "-l";
				SFML_LINK_DYLIBS_SUFFIX = "";
				SFML_LINK_FRAMEWORKS_PREFIX = "-framework ";
				SFML_LINK_FRAMEWORKS_SUFFIX = "";
				SFML_LINK_PREFIX = "$(SFML_LINK_$(SFML_BINARY_TYPE)_PREFIX)";
				SFML_LINK_SUFFIX = "$(SFML_LINK_$(SFML_BINARY_TYPE)_SUFFIX)";
				SFML_NETWORK = "$(SFML_LINK_PREFIX)sfml-network$(SFML_LINK_SUFFIX)";
				SFML_SYSTEM = "$(SFML_LINK_PREFIX)sfml-system$(SFML_LINK_SUFFIX)";
				SFML_WINDOW = "$(SFML_LINK_PREFIX)sfml-window$(SFML_LINK_SUFFIX)";
				SUPPORTED_PLATFORMS = macosx;
			};
			name = Debug;
		};
		3D679036175A4C4B0061B88D /* Release */ = {
			isa = XCBuildConfiguration;
			buildSettings = {
				ARCHS = "$(ARCHS_STANDARD_32_64_BIT)";
				CLANG_CXX_LANGUAGE_STANDARD = "c++0x";
				CLANG_CXX_LIBRARY = "libc++";
				CLANG_WARN_EMPTY_BODY = YES;
				CLANG_WARN__DUPLICATE_METHOD_MATCH = YES;
				COPY_PHASE_STRIP = YES;
				FRAMEWORK_SEARCH_PATHS = (
					/Library/Frameworks/,
					"$(inherited)",
				);
				GCC_VERSION = com.apple.compilers.llvm.clang.1_0;
				GCC_WARN_ABOUT_RETURN_TYPE = YES;
				GCC_WARN_UNINITIALIZED_AUTOS = YES;
				GCC_WARN_UNUSED_VARIABLE = YES;
				HEADER_SEARCH_PATHS = (
					/usr/local/include/,
					"$(inherited)",
				);
				LIBRARY_SEARCH_PATHS = (
					/usr/local/lib/,
					"$(inherited)",
				);
				ONLY_ACTIVE_ARCH = NO;
				OTHER_LDFLAGS = (
					"$(inherited)",
					"$(SFML_SYSTEM)",
					"$(SFML_WINDOW)",
					"$(SFML_GRAPHICS)",
					"$(SFML_AUDIO)",
					"$(SFML_NETWORK)",
				);
				SFML_AUDIO = "$(SFML_LINK_PREFIX)sfml-audio$(SFML_LINK_SUFFIX)";
				SFML_BINARY_TYPE = FRAMEWORKS;
				SFML_GRAPHICS = "$(SFML_LINK_PREFIX)sfml-graphics$(SFML_LINK_SUFFIX)";
				SFML_LINK_DYLIBS_PREFIX = "-l";
				SFML_LINK_DYLIBS_SUFFIX = "";
				SFML_LINK_FRAMEWORKS_PREFIX = "-framework ";
				SFML_LINK_FRAMEWORKS_SUFFIX = "";
				SFML_LINK_PREFIX = "$(SFML_LINK_$(SFML_BINARY_TYPE)_PREFIX)";
				SFML_LINK_SUFFIX = "$(SFML_LINK_$(SFML_BINARY_TYPE)_SUFFIX)";
				SFML_NETWORK = "$(SFML_LINK_PREFIX)sfml-network$(SFML_LINK_SUFFIX)";
				SFML_SYSTEM = "$(SFML_LINK_PREFIX)sfml-system$(SFML_LINK_SUFFIX)";
				SFML_WINDOW = "$(SFML_LINK_PREFIX)sfml-window$(SFML_LINK_SUFFIX)";
				SUPPORTED_PLATFORMS = macosx;
			};
			name = Release;
		};
		3D679038175A4C4B0061B88D /* Debug */ = {
			isa = XCBuildConfiguration;
			buildSettings = {
				INFOPLIST_FILE = "Rac0r/Rac0r-Info.plist";
				PRODUCT_NAME = "$(TARGET_NAME)";
			};
			name = Debug;
		};
		3D679039175A4C4B0061B88D /* Release */ = {
			isa = XCBuildConfiguration;
			buildSettings = {
				INFOPLIST_FILE = "Rac0r/Rac0r-Info.plist";
				PRODUCT_NAME = "$(TARGET_NAME)";
			};
			name = Release;
		};
/* End XCBuildConfiguration section */

/* Begin XCConfigurationList section */
		3D67901C175A4C4B0061B88D /* Build configuration list for PBXProject "Rac0r" */ = {
			isa = XCConfigurationList;
			buildConfigurations = (
				3D679035175A4C4B0061B88D /* Debug */,
				3D679036175A4C4B0061B88D /* Release */,
			);
			defaultConfigurationIsVisible = 0;
			defaultConfigurationName = Release;
		};
		3D679037175A4C4B0061B88D /* Build configuration list for PBXNativeTarget "Rac0r" */ = {
			isa = XCConfigurationList;
			buildConfigurations = (
				3D679038175A4C4B0061B88D /* Debug */,
				3D679039175A4C4B0061B88D /* Release */,
			);
			defaultConfigurationIsVisible = 0;
			defaultConfigurationName = Release;
		};
/* End XCConfigurationList section */
	};
	rootObject = 3D679019175A4C4B0061B88D /* Project object */;
}
