// !$*UTF8*$!
{
	archiveVersion = 1;
	classes = {
	};
	objectVersion = 46;
	objects = {

/* Begin PBXBuildFile section */
		1724939C17705F5B00CED207 /* TrackChooserView.cpp in Sources */ = {isa = PBXBuildFile; fileRef = 1724939A17705F5B00CED207 /* TrackChooserView.cpp */; };
		174DF7E0176F806700FE4F40 /* logo.png in Resources */ = {isa = PBXBuildFile; fileRef = 174DF7DF176F806700FE4F40 /* logo.png */; };
		174DF7E4176F8AB300FE4F40 /* TrackFileManager.cpp in Sources */ = {isa = PBXBuildFile; fileRef = 174DF7E2176F8AB300FE4F40 /* TrackFileManager.cpp */; };
		17D5AA79176CB20800FFF6F4 /* GameScreen.cpp in Sources */ = {isa = PBXBuildFile; fileRef = 17D5AA77176CB20800FFF6F4 /* GameScreen.cpp */; };
		17F21D76176A31E800436390 /* MenuScreen.cpp in Sources */ = {isa = PBXBuildFile; fileRef = 17F21D72176A31E800436390 /* MenuScreen.cpp */; };
		17F21D77176A31E800436390 /* Screen.cpp in Sources */ = {isa = PBXBuildFile; fileRef = 17F21D74176A31E800436390 /* Screen.cpp */; };
		17F21D7A176A31FB00436390 /* Tahoma.ttf in Resources */ = {isa = PBXBuildFile; fileRef = 17F21D79176A31FB00436390 /* Tahoma.ttf */; };
		1A981A7B1770794700318B6A /* SoundMgr.cpp in Sources */ = {isa = PBXBuildFile; fileRef = 1A981A7A1770794700318B6A /* SoundMgr.cpp */; };
		1A981A7D17707FF900318B6A /* menu.ogg in Resources */ = {isa = PBXBuildFile; fileRef = 1A981A7C17707FF900318B6A /* menu.ogg */; };
		1A981A7F177086F200318B6A /* race.ogg in Resources */ = {isa = PBXBuildFile; fileRef = 1A981A7E177086F200318B6A /* race.ogg */; };
		3D679050175BD8110061B88D /* OpenGL.framework in Frameworks */ = {isa = PBXBuildFile; fileRef = 3D67904F175BD8110061B88D /* OpenGL.framework */; };
		3D67906B1760DF820061B88D /* TrackDrawable.cpp in Sources */ = {isa = PBXBuildFile; fileRef = 3D6790671760DF820061B88D /* TrackDrawable.cpp */; };
		3D67906C1760DF820061B88D /* TrackLoader.cpp in Sources */ = {isa = PBXBuildFile; fileRef = 3D6790691760DF820061B88D /* TrackLoader.cpp */; };
		3D6790701760DFA20061B88D /* main.cpp in Sources */ = {isa = PBXBuildFile; fileRef = 3D67906D1760DFA20061B88D /* main.cpp */; };
		3D6790761760DFE20061B88D /* icon.png in Resources */ = {isa = PBXBuildFile; fileRef = 3D6790741760DFE20061B88D /* icon.png */; };
		3D67907A1760E0310061B88D /* ResourcePath.mm in Sources */ = {isa = PBXBuildFile; fileRef = 3D6790791760E0310061B88D /* ResourcePath.mm */; };
		3D67909917664E6F0061B88D /* Track.cpp in Sources */ = {isa = PBXBuildFile; fileRef = 3D67909717664E6E0061B88D /* Track.cpp */; };
		3D6790A11766892E0061B88D /* Car.cpp in Sources */ = {isa = PBXBuildFile; fileRef = 3D67909F1766892E0061B88D /* Car.cpp */; };
		3DA79A391770583F00317DE9 /* Player.cpp in Sources */ = {isa = PBXBuildFile; fileRef = 3DA79A371770583F00317DE9 /* Player.cpp */; };
		DF3731161771CA960084E716 /* Russo_One.ttf in Resources */ = {isa = PBXBuildFile; fileRef = DF3731151771CA960084E716 /* Russo_One.ttf */; };
		DF780F41176E541500D4E41A /* View.cpp in Sources */ = {isa = PBXBuildFile; fileRef = DF780F3F176E541500D4E41A /* View.cpp */; };
		DF946D0417720B2500696B5A /* 1371654788.png in Resources */ = {isa = PBXBuildFile; fileRef = DF946CF017720B2500696B5A /* 1371654788.png */; };
		DF946D0517720B2500696B5A /* 1371654788.track in Resources */ = {isa = PBXBuildFile; fileRef = DF946CF117720B2500696B5A /* 1371654788.track */; };
		DF946D0617720B2500696B5A /* 1371654796.png in Resources */ = {isa = PBXBuildFile; fileRef = DF946CF217720B2500696B5A /* 1371654796.png */; };
		DF946D0717720B2500696B5A /* 1371654796.track in Resources */ = {isa = PBXBuildFile; fileRef = DF946CF317720B2500696B5A /* 1371654796.track */; };
		DF946D0817720B2500696B5A /* 1371654802.png in Resources */ = {isa = PBXBuildFile; fileRef = DF946CF417720B2500696B5A /* 1371654802.png */; };
		DF946D0917720B2500696B5A /* 1371654802.track in Resources */ = {isa = PBXBuildFile; fileRef = DF946CF517720B2500696B5A /* 1371654802.track */; };
		DF946D0A17720B2500696B5A /* 1371654808.png in Resources */ = {isa = PBXBuildFile; fileRef = DF946CF617720B2500696B5A /* 1371654808.png */; };
		DF946D0B17720B2500696B5A /* 1371654808.track in Resources */ = {isa = PBXBuildFile; fileRef = DF946CF717720B2500696B5A /* 1371654808.track */; };
		DF946D0C17720B2500696B5A /* 1371654813.png in Resources */ = {isa = PBXBuildFile; fileRef = DF946CF817720B2500696B5A /* 1371654813.png */; };
		DF946D0D17720B2500696B5A /* 1371654813.track in Resources */ = {isa = PBXBuildFile; fileRef = DF946CF917720B2500696B5A /* 1371654813.track */; };
		DF946D0E17720B2500696B5A /* 1371654818.png in Resources */ = {isa = PBXBuildFile; fileRef = DF946CFA17720B2500696B5A /* 1371654818.png */; };
		DF946D0F17720B2500696B5A /* 1371654818.track in Resources */ = {isa = PBXBuildFile; fileRef = DF946CFB17720B2500696B5A /* 1371654818.track */; };
		DF946D1017720B2500696B5A /* 1371654823.png in Resources */ = {isa = PBXBuildFile; fileRef = DF946CFC17720B2500696B5A /* 1371654823.png */; };
		DF946D1117720B2500696B5A /* 1371654823.track in Resources */ = {isa = PBXBuildFile; fileRef = DF946CFD17720B2500696B5A /* 1371654823.track */; };
		DF946D1217720B2500696B5A /* 1371654828.png in Resources */ = {isa = PBXBuildFile; fileRef = DF946CFE17720B2500696B5A /* 1371654828.png */; };
		DF946D1317720B2500696B5A /* 1371654828.track in Resources */ = {isa = PBXBuildFile; fileRef = DF946CFF17720B2500696B5A /* 1371654828.track */; };
		DF946D1417720B2500696B5A /* 1371654833.png in Resources */ = {isa = PBXBuildFile; fileRef = DF946D0017720B2500696B5A /* 1371654833.png */; };
		DF946D1517720B2500696B5A /* 1371654833.track in Resources */ = {isa = PBXBuildFile; fileRef = DF946D0117720B2500696B5A /* 1371654833.track */; };
		DF946D1617720B2500696B5A /* 1371654838.png in Resources */ = {isa = PBXBuildFile; fileRef = DF946D0217720B2500696B5A /* 1371654838.png */; };
		DF946D1717720B2500696B5A /* 1371654838.track in Resources */ = {isa = PBXBuildFile; fileRef = DF946D0317720B2500696B5A /* 1371654838.track */; };
		DF9F41781771954B00546636 /* keys_1.png in Resources */ = {isa = PBXBuildFile; fileRef = DF9F41731771954B00546636 /* keys_1.png */; };
		DF9F41791771954B00546636 /* keys_2.png in Resources */ = {isa = PBXBuildFile; fileRef = DF9F41741771954B00546636 /* keys_2.png */; };
		DF9F417A1771954B00546636 /* keys_3.png in Resources */ = {isa = PBXBuildFile; fileRef = DF9F41751771954B00546636 /* keys_3.png */; };
		DF9F417B1771954B00546636 /* keys_4.png in Resources */ = {isa = PBXBuildFile; fileRef = DF9F41761771954B00546636 /* keys_4.png */; };
		DF9F417C1771954B00546636 /* keys_5.png in Resources */ = {isa = PBXBuildFile; fileRef = DF9F41771771954B00546636 /* keys_5.png */; };
		DFEFE0B2176FDCCA001708C8 /* PlayerChooserView.cpp in Sources */ = {isa = PBXBuildFile; fileRef = DFEFE0B0176FDCCA001708C8 /* PlayerChooserView.cpp */; };
		DFEFE0B7176FED83001708C8 /* arrowDown.png in Resources */ = {isa = PBXBuildFile; fileRef = DFEFE0B5176FED83001708C8 /* arrowDown.png */; };
		DFEFE0BA176FEEAC001708C8 /* arrowUp.png in Resources */ = {isa = PBXBuildFile; fileRef = DFEFE0B9176FEEAC001708C8 /* arrowUp.png */; };
/* End PBXBuildFile section */

/* Begin PBXFileReference section */
		1724939A17705F5B00CED207 /* TrackChooserView.cpp */ = {isa = PBXFileReference; fileEncoding = 4; lastKnownFileType = sourcecode.cpp.cpp; name = TrackChooserView.cpp; path = view/TrackChooserView.cpp; sourceTree = "<group>"; };
		1724939B17705F5B00CED207 /* TrackChooserView.h */ = {isa = PBXFileReference; fileEncoding = 4; lastKnownFileType = sourcecode.c.h; name = TrackChooserView.h; path = view/TrackChooserView.h; sourceTree = "<group>"; };
		174DF7DF176F806700FE4F40 /* logo.png */ = {isa = PBXFileReference; lastKnownFileType = image.png; path = logo.png; sourceTree = "<group>"; };
		174DF7E1176F8AB300FE4F40 /* TrackFile.h */ = {isa = PBXFileReference; fileEncoding = 4; lastKnownFileType = sourcecode.c.h; path = TrackFile.h; sourceTree = "<group>"; };
		174DF7E2176F8AB300FE4F40 /* TrackFileManager.cpp */ = {isa = PBXFileReference; fileEncoding = 4; lastKnownFileType = sourcecode.cpp.cpp; path = TrackFileManager.cpp; sourceTree = "<group>"; };
		174DF7E3176F8AB300FE4F40 /* TrackFileManager.h */ = {isa = PBXFileReference; fileEncoding = 4; lastKnownFileType = sourcecode.c.h; path = TrackFileManager.h; sourceTree = "<group>"; };
		17D5AA77176CB20800FFF6F4 /* GameScreen.cpp */ = {isa = PBXFileReference; fileEncoding = 4; lastKnownFileType = sourcecode.cpp.cpp; path = GameScreen.cpp; sourceTree = "<group>"; };
		17D5AA78176CB20800FFF6F4 /* GameScreen.h */ = {isa = PBXFileReference; fileEncoding = 4; lastKnownFileType = sourcecode.c.h; path = GameScreen.h; sourceTree = "<group>"; };
		17F21D72176A31E800436390 /* MenuScreen.cpp */ = {isa = PBXFileReference; fileEncoding = 4; lastKnownFileType = sourcecode.cpp.cpp; path = MenuScreen.cpp; sourceTree = "<group>"; };
		17F21D73176A31E800436390 /* MenuScreen.h */ = {isa = PBXFileReference; fileEncoding = 4; lastKnownFileType = sourcecode.c.h; path = MenuScreen.h; sourceTree = "<group>"; };
		17F21D74176A31E800436390 /* Screen.cpp */ = {isa = PBXFileReference; fileEncoding = 4; lastKnownFileType = sourcecode.cpp.cpp; path = Screen.cpp; sourceTree = "<group>"; };
		17F21D75176A31E800436390 /* Screen.h */ = {isa = PBXFileReference; fileEncoding = 4; lastKnownFileType = sourcecode.c.h; path = Screen.h; sourceTree = "<group>"; };
		17F21D79176A31FB00436390 /* Tahoma.ttf */ = {isa = PBXFileReference; lastKnownFileType = file; path = Tahoma.ttf; sourceTree = "<group>"; };
		1A981A791770777300318B6A /* SoundMgr.h */ = {isa = PBXFileReference; fileEncoding = 4; lastKnownFileType = sourcecode.c.h; path = SoundMgr.h; sourceTree = "<group>"; };
		1A981A7A1770794700318B6A /* SoundMgr.cpp */ = {isa = PBXFileReference; fileEncoding = 4; lastKnownFileType = sourcecode.cpp.cpp; path = SoundMgr.cpp; sourceTree = "<group>"; };
		1A981A7C17707FF900318B6A /* menu.ogg */ = {isa = PBXFileReference; lastKnownFileType = file; path = menu.ogg; sourceTree = "<group>"; };
		1A981A7E177086F200318B6A /* race.ogg */ = {isa = PBXFileReference; lastKnownFileType = file; path = race.ogg; sourceTree = "<group>"; };
		3D679022175A4C4B0061B88D /* Rac0r.app */ = {isa = PBXFileReference; explicitFileType = wrapper.application; includeInIndex = 0; path = Rac0r.app; sourceTree = BUILT_PRODUCTS_DIR; };
		3D679026175A4C4B0061B88D /* Rac0r-Info.plist */ = {isa = PBXFileReference; lastKnownFileType = text.plist.xml; path = "Rac0r-Info.plist"; sourceTree = "<group>"; };
		3D67904F175BD8110061B88D /* OpenGL.framework */ = {isa = PBXFileReference; lastKnownFileType = wrapper.framework; name = OpenGL.framework; path = /System/Library/Frameworks/OpenGL.framework; sourceTree = "<absolute>"; };
		3D679054175BE7DE0061B88D /* vector2.h */ = {isa = PBXFileReference; fileEncoding = 4; lastKnownFileType = sourcecode.c.h; path = vector2.h; sourceTree = "<group>"; };
		3D6790671760DF820061B88D /* TrackDrawable.cpp */ = {isa = PBXFileReference; fileEncoding = 4; lastKnownFileType = sourcecode.cpp.cpp; path = TrackDrawable.cpp; sourceTree = "<group>"; };
		3D6790681760DF820061B88D /* TrackDrawable.h */ = {isa = PBXFileReference; fileEncoding = 4; lastKnownFileType = sourcecode.c.h; path = TrackDrawable.h; sourceTree = "<group>"; };
		3D6790691760DF820061B88D /* TrackLoader.cpp */ = {isa = PBXFileReference; fileEncoding = 4; lastKnownFileType = sourcecode.cpp.cpp; path = TrackLoader.cpp; sourceTree = "<group>"; };
		3D67906A1760DF820061B88D /* TrackLoader.h */ = {isa = PBXFileReference; fileEncoding = 4; lastKnownFileType = sourcecode.c.h; path = TrackLoader.h; sourceTree = "<group>"; };
		3D67906D1760DFA20061B88D /* main.cpp */ = {isa = PBXFileReference; fileEncoding = 4; lastKnownFileType = sourcecode.cpp.cpp; path = main.cpp; sourceTree = "<group>"; };
		3D6790741760DFE20061B88D /* icon.png */ = {isa = PBXFileReference; lastKnownFileType = image.png; path = icon.png; sourceTree = "<group>"; };
		3D6790781760E0310061B88D /* ResourcePath.hpp */ = {isa = PBXFileReference; fileEncoding = 4; lastKnownFileType = sourcecode.cpp.h; name = ResourcePath.hpp; path = Rac0r/classes/ResourcePath.hpp; sourceTree = SOURCE_ROOT; };
		3D6790791760E0310061B88D /* ResourcePath.mm */ = {isa = PBXFileReference; fileEncoding = 4; lastKnownFileType = sourcecode.cpp.objcpp; name = ResourcePath.mm; path = Rac0r/classes/ResourcePath.mm; sourceTree = SOURCE_ROOT; };
		3D67909717664E6E0061B88D /* Track.cpp */ = {isa = PBXFileReference; fileEncoding = 4; lastKnownFileType = sourcecode.cpp.cpp; path = Track.cpp; sourceTree = "<group>"; };
		3D67909817664E6F0061B88D /* Track.h */ = {isa = PBXFileReference; fileEncoding = 4; lastKnownFileType = sourcecode.c.h; path = Track.h; sourceTree = "<group>"; };
		3D67909F1766892E0061B88D /* Car.cpp */ = {isa = PBXFileReference; fileEncoding = 4; lastKnownFileType = sourcecode.cpp.cpp; name = Car.cpp; path = car/Car.cpp; sourceTree = "<group>"; };
		3D6790A01766892E0061B88D /* Car.h */ = {isa = PBXFileReference; fileEncoding = 4; lastKnownFileType = sourcecode.c.h; name = Car.h; path = car/Car.h; sourceTree = "<group>"; };
		3DA79A371770583F00317DE9 /* Player.cpp */ = {isa = PBXFileReference; fileEncoding = 4; lastKnownFileType = sourcecode.cpp.cpp; name = Player.cpp; path = player/Player.cpp; sourceTree = "<group>"; };
		3DA79A381770583F00317DE9 /* Player.h */ = {isa = PBXFileReference; fileEncoding = 4; lastKnownFileType = sourcecode.c.h; name = Player.h; path = player/Player.h; sourceTree = "<group>"; };
		3DA79A3C17705B9D00317DE9 /* GameConstants.h */ = {isa = PBXFileReference; fileEncoding = 4; lastKnownFileType = sourcecode.c.h; name = GameConstants.h; path = game/GameConstants.h; sourceTree = "<group>"; };
		DF3731151771CA960084E716 /* Russo_One.ttf */ = {isa = PBXFileReference; lastKnownFileType = file; path = Russo_One.ttf; sourceTree = "<group>"; };
		DF780F3F176E541500D4E41A /* View.cpp */ = {isa = PBXFileReference; fileEncoding = 4; lastKnownFileType = sourcecode.cpp.cpp; name = View.cpp; path = view/View.cpp; sourceTree = "<group>"; };
		DF780F40176E541500D4E41A /* View.h */ = {isa = PBXFileReference; fileEncoding = 4; lastKnownFileType = sourcecode.c.h; name = View.h; path = view/View.h; sourceTree = "<group>"; };
		DF946CF017720B2500696B5A /* 1371654788.png */ = {isa = PBXFileReference; lastKnownFileType = image.png; path = 1371654788.png; sourceTree = "<group>"; };
		DF946CF117720B2500696B5A /* 1371654788.track */ = {isa = PBXFileReference; fileEncoding = 4; lastKnownFileType = text; path = 1371654788.track; sourceTree = "<group>"; };
		DF946CF217720B2500696B5A /* 1371654796.png */ = {isa = PBXFileReference; lastKnownFileType = image.png; path = 1371654796.png; sourceTree = "<group>"; };
		DF946CF317720B2500696B5A /* 1371654796.track */ = {isa = PBXFileReference; fileEncoding = 4; lastKnownFileType = text; path = 1371654796.track; sourceTree = "<group>"; };
		DF946CF417720B2500696B5A /* 1371654802.png */ = {isa = PBXFileReference; lastKnownFileType = image.png; path = 1371654802.png; sourceTree = "<group>"; };
		DF946CF517720B2500696B5A /* 1371654802.track */ = {isa = PBXFileReference; fileEncoding = 4; lastKnownFileType = text; path = 1371654802.track; sourceTree = "<group>"; };
		DF946CF617720B2500696B5A /* 1371654808.png */ = {isa = PBXFileReference; lastKnownFileType = image.png; path = 1371654808.png; sourceTree = "<group>"; };
		DF946CF717720B2500696B5A /* 1371654808.track */ = {isa = PBXFileReference; fileEncoding = 4; lastKnownFileType = text; path = 1371654808.track; sourceTree = "<group>"; };
		DF946CF817720B2500696B5A /* 1371654813.png */ = {isa = PBXFileReference; lastKnownFileType = image.png; path = 1371654813.png; sourceTree = "<group>"; };
		DF946CF917720B2500696B5A /* 1371654813.track */ = {isa = PBXFileReference; fileEncoding = 4; lastKnownFileType = text; path = 1371654813.track; sourceTree = "<group>"; };
		DF946CFA17720B2500696B5A /* 1371654818.png */ = {isa = PBXFileReference; lastKnownFileType = image.png; path = 1371654818.png; sourceTree = "<group>"; };
		DF946CFB17720B2500696B5A /* 1371654818.track */ = {isa = PBXFileReference; fileEncoding = 4; lastKnownFileType = text; path = 1371654818.track; sourceTree = "<group>"; };
		DF946CFC17720B2500696B5A /* 1371654823.png */ = {isa = PBXFileReference; lastKnownFileType = image.png; path = 1371654823.png; sourceTree = "<group>"; };
		DF946CFD17720B2500696B5A /* 1371654823.track */ = {isa = PBXFileReference; fileEncoding = 4; lastKnownFileType = text; path = 1371654823.track; sourceTree = "<group>"; };
		DF946CFE17720B2500696B5A /* 1371654828.png */ = {isa = PBXFileReference; lastKnownFileType = image.png; path = 1371654828.png; sourceTree = "<group>"; };
		DF946CFF17720B2500696B5A /* 1371654828.track */ = {isa = PBXFileReference; fileEncoding = 4; lastKnownFileType = text; path = 1371654828.track; sourceTree = "<group>"; };
		DF946D0017720B2500696B5A /* 1371654833.png */ = {isa = PBXFileReference; lastKnownFileType = image.png; path = 1371654833.png; sourceTree = "<group>"; };
		DF946D0117720B2500696B5A /* 1371654833.track */ = {isa = PBXFileReference; fileEncoding = 4; lastKnownFileType = text; path = 1371654833.track; sourceTree = "<group>"; };
		DF946D0217720B2500696B5A /* 1371654838.png */ = {isa = PBXFileReference; lastKnownFileType = image.png; path = 1371654838.png; sourceTree = "<group>"; };
		DF946D0317720B2500696B5A /* 1371654838.track */ = {isa = PBXFileReference; fileEncoding = 4; lastKnownFileType = text; path = 1371654838.track; sourceTree = "<group>"; };
		DF9F41731771954B00546636 /* keys_1.png */ = {isa = PBXFileReference; lastKnownFileType = image.png; path = keys_1.png; sourceTree = "<group>"; };
		DF9F41741771954B00546636 /* keys_2.png */ = {isa = PBXFileReference; lastKnownFileType = image.png; path = keys_2.png; sourceTree = "<group>"; };
		DF9F41751771954B00546636 /* keys_3.png */ = {isa = PBXFileReference; lastKnownFileType = image.png; path = keys_3.png; sourceTree = "<group>"; };
		DF9F41761771954B00546636 /* keys_4.png */ = {isa = PBXFileReference; lastKnownFileType = image.png; path = keys_4.png; sourceTree = "<group>"; };
		DF9F41771771954B00546636 /* keys_5.png */ = {isa = PBXFileReference; lastKnownFileType = image.png; path = keys_5.png; sourceTree = "<group>"; };
		DFEFE0B0176FDCCA001708C8 /* PlayerChooserView.cpp */ = {isa = PBXFileReference; fileEncoding = 4; lastKnownFileType = sourcecode.cpp.cpp; name = PlayerChooserView.cpp; path = view/PlayerChooserView.cpp; sourceTree = "<group>"; };
		DFEFE0B1176FDCCA001708C8 /* PlayerChooserView.h */ = {isa = PBXFileReference; fileEncoding = 4; lastKnownFileType = sourcecode.c.h; name = PlayerChooserView.h; path = view/PlayerChooserView.h; sourceTree = "<group>"; };
		DFEFE0B5176FED83001708C8 /* arrowDown.png */ = {isa = PBXFileReference; lastKnownFileType = image.png; path = arrowDown.png; sourceTree = "<group>"; };
		DFEFE0B9176FEEAC001708C8 /* arrowUp.png */ = {isa = PBXFileReference; lastKnownFileType = image.png; path = arrowUp.png; sourceTree = "<group>"; };
/* End PBXFileReference section */

/* Begin PBXFrameworksBuildPhase section */
		3D67901E175A4C4B0061B88D /* Frameworks */ = {
			isa = PBXFrameworksBuildPhase;
			buildActionMask = 2147483647;
			files = (
				3D679050175BD8110061B88D /* OpenGL.framework in Frameworks */,
			);
			runOnlyForDeploymentPostprocessing = 0;
		};
/* End PBXFrameworksBuildPhase section */

/* Begin PBXGroup section */
		17F21D71176A31E800436390 /* ui */ = {
			isa = PBXGroup;
			children = (
				17F21D74176A31E800436390 /* Screen.cpp */,
				17F21D75176A31E800436390 /* Screen.h */,
				17F21D72176A31E800436390 /* MenuScreen.cpp */,
				17F21D73176A31E800436390 /* MenuScreen.h */,
				17D5AA77176CB20800FFF6F4 /* GameScreen.cpp */,
				17D5AA78176CB20800FFF6F4 /* GameScreen.h */,
			);
			path = ui;
			sourceTree = "<group>";
		};
		17F21D78176A31FB00436390 /* fonts */ = {
			isa = PBXGroup;
			children = (
				DF3731151771CA960084E716 /* Russo_One.ttf */,
				17F21D79176A31FB00436390 /* Tahoma.ttf */,
			);
			path = fonts;
			sourceTree = "<group>";
		};
		1A981A781770775D00318B6A /* sound */ = {
			isa = PBXGroup;
			children = (
				1A981A791770777300318B6A /* SoundMgr.h */,
				1A981A7A1770794700318B6A /* SoundMgr.cpp */,
			);
			name = sound;
			sourceTree = "<group>";
		};
		3D679018175A4C4B0061B88D = {
			isa = PBXGroup;
			children = (
				3D679024175A4C4B0061B88D /* Rac0r */,
				3D679023175A4C4B0061B88D /* Products */,
			);
			sourceTree = "<group>";
		};
		3D679023175A4C4B0061B88D /* Products */ = {
			isa = PBXGroup;
			children = (
				3D679022175A4C4B0061B88D /* Rac0r.app */,
			);
			name = Products;
			sourceTree = "<group>";
		};
		3D679024175A4C4B0061B88D /* Rac0r */ = {
			isa = PBXGroup;
			children = (
				3D67903A175A4CD70061B88D /* classes */,
				3D67902C175A4C4B0061B88D /* Resources */,
				3D679025175A4C4B0061B88D /* Supporting Files */,
				3D679051175BD8310061B88D /* Frameworks */,
			);
			path = Rac0r;
			sourceTree = "<group>";
		};
		3D679025175A4C4B0061B88D /* Supporting Files */ = {
			isa = PBXGroup;
			children = (
				3D679026175A4C4B0061B88D /* Rac0r-Info.plist */,
			);
			name = "Supporting Files";
			sourceTree = "<group>";
		};
		3D67902C175A4C4B0061B88D /* Resources */ = {
			isa = PBXGroup;
			children = (
				DF9F41731771954B00546636 /* keys_1.png */,
				DF9F41741771954B00546636 /* keys_2.png */,
				DF9F41751771954B00546636 /* keys_3.png */,
				DF9F41761771954B00546636 /* keys_4.png */,
				DF9F41771771954B00546636 /* keys_5.png */,
				1A981A7E177086F200318B6A /* race.ogg */,
				1A981A7C17707FF900318B6A /* menu.ogg */,
				DFEFE0B9176FEEAC001708C8 /* arrowUp.png */,
				DFEFE0B5176FED83001708C8 /* arrowDown.png */,
				174DF7DF176F806700FE4F40 /* logo.png */,
				3D6790741760DFE20061B88D /* icon.png */,
				DF946CEF17720B2500696B5A /* tracks */,
				17F21D78176A31FB00436390 /* fonts */,
			);
			name = Resources;
			path = ../../assets;
			sourceTree = "<group>";
		};
		3D67903A175A4CD70061B88D /* classes */ = {
			isa = PBXGroup;
			children = (
				1A981A781770775D00318B6A /* sound */,
				3D6790781760E0310061B88D /* ResourcePath.hpp */,
				3D6790791760E0310061B88D /* ResourcePath.mm */,
				3D67906D1760DFA20061B88D /* main.cpp */,
				DF780F3A176E220B00D4E41A /* view */,
				17F21D71176A31E800436390 /* ui */,
				3D679052175BE75F0061B88D /* utils */,
				3D679048175A59D00061B88D /* track */,
				3D67909E176688010061B88D /* car */,
				3DA79A3A17705B6B00317DE9 /* game */,
				3DA79A36177057FF00317DE9 /* player */,
			);
			name = classes;
			path = ../../source;
			sourceTree = "<group>";
		};
		3D679048175A59D00061B88D /* track */ = {
			isa = PBXGroup;
			children = (
				174DF7E1176F8AB300FE4F40 /* TrackFile.h */,
				174DF7E2176F8AB300FE4F40 /* TrackFileManager.cpp */,
				174DF7E3176F8AB300FE4F40 /* TrackFileManager.h */,
				3D6790671760DF820061B88D /* TrackDrawable.cpp */,
				3D6790681760DF820061B88D /* TrackDrawable.h */,
				3D6790691760DF820061B88D /* TrackLoader.cpp */,
				3D67906A1760DF820061B88D /* TrackLoader.h */,
				3D67909717664E6E0061B88D /* Track.cpp */,
				3D67909817664E6F0061B88D /* Track.h */,
			);
			path = track;
			sourceTree = "<group>";
		};
		3D679051175BD8310061B88D /* Frameworks */ = {
			isa = PBXGroup;
			children = (
				3D67904F175BD8110061B88D /* OpenGL.framework */,
			);
			name = Frameworks;
			sourceTree = "<group>";
		};
		3D679052175BE75F0061B88D /* utils */ = {
			isa = PBXGroup;
			children = (
				3D679054175BE7DE0061B88D /* vector2.h */,
			);
			path = utils;
			sourceTree = "<group>";
		};
		3D67909E176688010061B88D /* car */ = {
			isa = PBXGroup;
			children = (
				3D67909F1766892E0061B88D /* Car.cpp */,
				3D6790A01766892E0061B88D /* Car.h */,
			);
			name = car;
			sourceTree = "<group>";
		};
		3DA79A36177057FF00317DE9 /* player */ = {
			isa = PBXGroup;
			children = (
				3DA79A371770583F00317DE9 /* Player.cpp */,
				3DA79A381770583F00317DE9 /* Player.h */,
			);
			name = player;
			sourceTree = "<group>";
		};
		3DA79A3A17705B6B00317DE9 /* game */ = {
			isa = PBXGroup;
			children = (
				3DA79A3C17705B9D00317DE9 /* GameConstants.h */,
			);
			name = game;
			sourceTree = "<group>";
		};
		DF780F3A176E220B00D4E41A /* view */ = {
			isa = PBXGroup;
			children = (
				DF780F3F176E541500D4E41A /* View.cpp */,
				DF780F40176E541500D4E41A /* View.h */,
				DFEFE0B0176FDCCA001708C8 /* PlayerChooserView.cpp */,
				DFEFE0B1176FDCCA001708C8 /* PlayerChooserView.h */,
				1724939A17705F5B00CED207 /* TrackChooserView.cpp */,
				1724939B17705F5B00CED207 /* TrackChooserView.h */,
			);
			name = view;
			sourceTree = "<group>";
		};
		DF946CEF17720B2500696B5A /* tracks */ = {
			isa = PBXGroup;
			children = (
				DF946CF017720B2500696B5A /* 1371654788.png */,
				DF946CF117720B2500696B5A /* 1371654788.track */,
				DF946CF217720B2500696B5A /* 1371654796.png */,
				DF946CF317720B2500696B5A /* 1371654796.track */,
				DF946CF417720B2500696B5A /* 1371654802.png */,
				DF946CF517720B2500696B5A /* 1371654802.track */,
				DF946CF617720B2500696B5A /* 1371654808.png */,
				DF946CF717720B2500696B5A /* 1371654808.track */,
				DF946CF817720B2500696B5A /* 1371654813.png */,
				DF946CF917720B2500696B5A /* 1371654813.track */,
				DF946CFA17720B2500696B5A /* 1371654818.png */,
				DF946CFB17720B2500696B5A /* 1371654818.track */,
				DF946CFC17720B2500696B5A /* 1371654823.png */,
				DF946CFD17720B2500696B5A /* 1371654823.track */,
				DF946CFE17720B2500696B5A /* 1371654828.png */,
				DF946CFF17720B2500696B5A /* 1371654828.track */,
				DF946D0017720B2500696B5A /* 1371654833.png */,
				DF946D0117720B2500696B5A /* 1371654833.track */,
				DF946D0217720B2500696B5A /* 1371654838.png */,
				DF946D0317720B2500696B5A /* 1371654838.track */,
			);
			path = tracks;
			sourceTree = "<group>";
		};
/* End PBXGroup section */

/* Begin PBXNativeTarget section */
		3D679021175A4C4B0061B88D /* Rac0r */ = {
			isa = PBXNativeTarget;
			buildConfigurationList = 3D679037175A4C4B0061B88D /* Build configuration list for PBXNativeTarget "Rac0r" */;
			buildPhases = (
				3D67901D175A4C4B0061B88D /* Sources */,
				3D67901E175A4C4B0061B88D /* Frameworks */,
				3D67901F175A4C4B0061B88D /* Resources */,
				3D679020175A4C4B0061B88D /* ShellScript */,
			);
			buildRules = (
			);
			dependencies = (
			);
			name = Rac0r;
			productName = Rac0r;
			productReference = 3D679022175A4C4B0061B88D /* Rac0r.app */;
			productType = "com.apple.product-type.application";
		};
/* End PBXNativeTarget section */

/* Begin PBXProject section */
		3D679019175A4C4B0061B88D /* Project object */ = {
			isa = PBXProject;
			attributes = {
				LastUpgradeCheck = 0460;
				ORGANIZATIONNAME = "Jan Schulte";
			};
			buildConfigurationList = 3D67901C175A4C4B0061B88D /* Build configuration list for PBXProject "Rac0r" */;
			compatibilityVersion = "Xcode 3.2";
			developmentRegion = English;
			hasScannedForEncodings = 0;
			knownRegions = (
				en,
			);
			mainGroup = 3D679018175A4C4B0061B88D;
			productRefGroup = 3D679023175A4C4B0061B88D /* Products */;
			projectDirPath = "";
			projectRoot = "";
			targets = (
				3D679021175A4C4B0061B88D /* Rac0r */,
			);
		};
/* End PBXProject section */

/* Begin PBXResourcesBuildPhase section */
		3D67901F175A4C4B0061B88D /* Resources */ = {
			isa = PBXResourcesBuildPhase;
			buildActionMask = 2147483647;
			files = (
				3D6790761760DFE20061B88D /* icon.png in Resources */,
				17F21D7A176A31FB00436390 /* Tahoma.ttf in Resources */,
				174DF7E0176F806700FE4F40 /* logo.png in Resources */,
				DFEFE0B7176FED83001708C8 /* arrowDown.png in Resources */,
				DFEFE0BA176FEEAC001708C8 /* arrowUp.png in Resources */,
				1A981A7D17707FF900318B6A /* menu.ogg in Resources */,
				1A981A7F177086F200318B6A /* race.ogg in Resources */,
				DF9F41781771954B00546636 /* keys_1.png in Resources */,
				DF9F41791771954B00546636 /* keys_2.png in Resources */,
				DF9F417A1771954B00546636 /* keys_3.png in Resources */,
				DF9F417B1771954B00546636 /* keys_4.png in Resources */,
				DF9F417C1771954B00546636 /* keys_5.png in Resources */,
				DF3731161771CA960084E716 /* Russo_One.ttf in Resources */,
				DF946D0417720B2500696B5A /* 1371654788.png in Resources */,
				DF946D0517720B2500696B5A /* 1371654788.track in Resources */,
				DF946D0617720B2500696B5A /* 1371654796.png in Resources */,
				DF946D0717720B2500696B5A /* 1371654796.track in Resources */,
				DF946D0817720B2500696B5A /* 1371654802.png in Resources */,
				DF946D0917720B2500696B5A /* 1371654802.track in Resources */,
				DF946D0A17720B2500696B5A /* 1371654808.png in Resources */,
				DF946D0B17720B2500696B5A /* 1371654808.track in Resources */,
				DF946D0C17720B2500696B5A /* 1371654813.png in Resources */,
				DF946D0D17720B2500696B5A /* 1371654813.track in Resources */,
				DF946D0E17720B2500696B5A /* 1371654818.png in Resources */,
				DF946D0F17720B2500696B5A /* 1371654818.track in Resources */,
				DF946D1017720B2500696B5A /* 1371654823.png in Resources */,
				DF946D1117720B2500696B5A /* 1371654823.track in Resources */,
				DF946D1217720B2500696B5A /* 1371654828.png in Resources */,
				DF946D1317720B2500696B5A /* 1371654828.track in Resources */,
				DF946D1417720B2500696B5A /* 1371654833.png in Resources */,
				DF946D1517720B2500696B5A /* 1371654833.track in Resources */,
				DF946D1617720B2500696B5A /* 1371654838.png in Resources */,
				DF946D1717720B2500696B5A /* 1371654838.track in Resources */,
			);
			runOnlyForDeploymentPostprocessing = 0;
		};
/* End PBXResourcesBuildPhase section */

/* Begin PBXShellScriptBuildPhase section */
		3D679020175A4C4B0061B88D /* ShellScript */ = {
			isa = PBXShellScriptBuildPhase;
			buildActionMask = 2147483647;
			files = (
			);
			inputPaths = (
			);
			outputPaths = (
			);
			runOnlyForDeploymentPostprocessing = 0;
			shellPath = /bin/sh;
			shellScript = "# This shell script simply copies required sfml dylibs/frameworks into the application bundle frameworks folder.\n# If you're using static libraries (which is not recommended) you should remove this script from your project.\n\n# Are we building a project that uses framework or dylibs ?\ncase \"$SFML_BINARY_TYPE\" in\n    DYLIBS)\n        frameworks=\"false\"\n        ;;\n    *)\n        frameworks=\"true\"\n        ;;\nesac\n\n# Echoes to stderr\nerror () # $* message to display\n{\n    echo $* 1>&2\n    exit 2\n}\n\nassert () # $1 is a boolean, $2...N is an error message\n{\n    if [ $# -lt 2 ]\n    then\n        error \"Internal error in assert : not enough args\"\n    fi\n\n    if [ $1 -ne 0 ]\n    then\n        shift\n        error \"$*\"\n    fi\n}\n\nforce_remove () # $1 is a path\n{\n    test $# -eq 1\n    assert $? \"force_remove() requires one parameter\"\n    rm -fr \"$1\"\n    assert $? \"couldn't remove $1\"\n}\n\ncopy () # $1 is a source, $2 is a destination\n{\n    test $# -eq 2\n    assert $? \"copy() requires two parameters\"\n    ditto \"$1\" \"$2\"\n    assert $? \"couldn't copy $1 to $2\"\n}\n\nrequire () # $1 is a SFML module like 'system' or 'audio'\n{\n    dest=\"$BUILT_PRODUCTS_DIR/$PRODUCT_NAME.app/Contents/Frameworks\"\n    \n    if [ -z \"$1\" ]\n    then\n        error \"require() requires one parameter!\"\n    else\n        # clean potentially old stuff\n        force_remove \"$dest/libsfml-$1.2.dylib\"\n        force_remove \"$dest/libsfml-$1-d.2.dylib\"\n        force_remove \"$dest/sfml-$1.framework\"\n    \n        # copy SFML libraries\n        if [ \"$frameworks\" = \"true\" ]\n        then\n            copy \"/Library/Frameworks/sfml-$1.framework\" \"$dest/sfml-$1.framework\"\n        elif [ $CONFIGURATION = \"Debug\" ] && [ $SFML_LINK_DYLIBS_SUFFIX_DEBUG != \"\" ]\n        then\n            copy \"/usr/local/lib/libsfml-$1-d.2.dylib\" \"$dest/libsfml-$1-d.2.dylib\"\n        else\n            copy \"/usr/local/lib/libsfml-$1.2.dylib\" \"$dest/libsfml-$1.2.dylib\"\n        fi\n        \n        if [ \"$1\" = \"audio\" ]\n        then\n            # copy sndfile framework too\n            copy \"/Library/Frameworks/sndfile.framework\" \"$dest/sndfile.framework\"\n        fi\n\n        if [ \"$1\" = \"graphics\" ]\n        then\n            # copy freetype framework too\n            copy \"/Library/Frameworks/freetype.framework\" \"$dest/freetype.framework\"\n        fi\n    fi\n}\n\nif [ -n \"$SFML_SYSTEM\" ]\nthen\n    require \"system\"\nfi\n\nif [ -n \"$SFML_AUDIO\" ]\nthen\n    require \"audio\"\nfi\n\nif [ -n \"$SFML_NETWORK\" ]\nthen\n    require \"network\"\nfi\n\nif [ -n \"$SFML_WINDOW\" ]\nthen\n    require \"window\"\nfi\n\nif [ -n \"$SFML_GRAPHICS\" ]\nthen\n    require \"graphics\"\nfi\n\n                ";
		};
/* End PBXShellScriptBuildPhase section */

/* Begin PBXSourcesBuildPhase section */
		3D67901D175A4C4B0061B88D /* Sources */ = {
			isa = PBXSourcesBuildPhase;
			buildActionMask = 2147483647;
			files = (
				3D67906B1760DF820061B88D /* TrackDrawable.cpp in Sources */,
				3D67906C1760DF820061B88D /* TrackLoader.cpp in Sources */,
				3D6790701760DFA20061B88D /* main.cpp in Sources */,
				3D67907A1760E0310061B88D /* ResourcePath.mm in Sources */,
				3D67909917664E6F0061B88D /* Track.cpp in Sources */,
				3D6790A11766892E0061B88D /* Car.cpp in Sources */,
				17F21D76176A31E800436390 /* MenuScreen.cpp in Sources */,
				17F21D77176A31E800436390 /* Screen.cpp in Sources */,
				17D5AA79176CB20800FFF6F4 /* GameScreen.cpp in Sources */,
				DF780F41176E541500D4E41A /* View.cpp in Sources */,
				174DF7E4176F8AB300FE4F40 /* TrackFileManager.cpp in Sources */,
				DFEFE0B2176FDCCA001708C8 /* PlayerChooserView.cpp in Sources */,
				1724939C17705F5B00CED207 /* TrackChooserView.cpp in Sources */,
				3DA79A391770583F00317DE9 /* Player.cpp in Sources */,
				1A981A7B1770794700318B6A /* SoundMgr.cpp in Sources */,
			);
			runOnlyForDeploymentPostprocessing = 0;
		};
/* End PBXSourcesBuildPhase section */

/* Begin XCBuildConfiguration section */
		3D679035175A4C4B0061B88D /* Debug */ = {
			isa = XCBuildConfiguration;
			buildSettings = {
				ARCHS = "$(ARCHS_STANDARD_32_64_BIT)";
				CLANG_CXX_LANGUAGE_STANDARD = "c++0x";
				CLANG_CXX_LIBRARY = "libc++";
				CLANG_WARN_EMPTY_BODY = YES;
				CLANG_WARN__DUPLICATE_METHOD_MATCH = YES;
				FRAMEWORK_SEARCH_PATHS = (
					/Library/Frameworks/,
					"$(inherited)",
				);
				GCC_OPTIMIZATION_LEVEL = 0;
				GCC_PREPROCESSOR_DEFINITIONS = (
					"DEBUG=1",
					"$(inherited)",
				);
				GCC_VERSION = com.apple.compilers.llvm.clang.1_0;
				GCC_WARN_ABOUT_RETURN_TYPE = YES;
				GCC_WARN_UNINITIALIZED_AUTOS = YES;
				GCC_WARN_UNUSED_VARIABLE = YES;
				HEADER_SEARCH_PATHS = (
					/usr/local/include/,
					"$(inherited)",
				);
				LIBRARY_SEARCH_PATHS = (
					/usr/local/lib/,
					"$(inherited)",
				);
				ONLY_ACTIVE_ARCH = NO;
				OTHER_LDFLAGS = (
					"$(inherited)",
					"$(SFML_SYSTEM)",
					"$(SFML_WINDOW)",
					"$(SFML_GRAPHICS)",
					"$(SFML_AUDIO)",
					"$(SFML_NETWORK)",
				);
				SFML_AUDIO = "$(SFML_LINK_PREFIX)sfml-audio$(SFML_LINK_SUFFIX)";
				SFML_BINARY_TYPE = FRAMEWORKS;
				SFML_GRAPHICS = "$(SFML_LINK_PREFIX)sfml-graphics$(SFML_LINK_SUFFIX)";
				SFML_LINK_DYLIBS_PREFIX = "-l";
				SFML_LINK_DYLIBS_SUFFIX = "";
				SFML_LINK_FRAMEWORKS_PREFIX = "-framework ";
				SFML_LINK_FRAMEWORKS_SUFFIX = "";
				SFML_LINK_PREFIX = "$(SFML_LINK_$(SFML_BINARY_TYPE)_PREFIX)";
				SFML_LINK_SUFFIX = "$(SFML_LINK_$(SFML_BINARY_TYPE)_SUFFIX)";
				SFML_NETWORK = "$(SFML_LINK_PREFIX)sfml-network$(SFML_LINK_SUFFIX)";
				SFML_SYSTEM = "$(SFML_LINK_PREFIX)sfml-system$(SFML_LINK_SUFFIX)";
				SFML_WINDOW = "$(SFML_LINK_PREFIX)sfml-window$(SFML_LINK_SUFFIX)";
				SUPPORTED_PLATFORMS = macosx;
			};
			name = Debug;
		};
		3D679036175A4C4B0061B88D /* Release */ = {
			isa = XCBuildConfiguration;
			buildSettings = {
				ARCHS = "$(ARCHS_STANDARD_32_64_BIT)";
				CLANG_CXX_LANGUAGE_STANDARD = "c++0x";
				CLANG_CXX_LIBRARY = "libc++";
				CLANG_WARN_EMPTY_BODY = YES;
				CLANG_WARN__DUPLICATE_METHOD_MATCH = YES;
				COPY_PHASE_STRIP = YES;
				FRAMEWORK_SEARCH_PATHS = (
					/Library/Frameworks/,
					"$(inherited)",
				);
				GCC_VERSION = com.apple.compilers.llvm.clang.1_0;
				GCC_WARN_ABOUT_RETURN_TYPE = YES;
				GCC_WARN_UNINITIALIZED_AUTOS = YES;
				GCC_WARN_UNUSED_VARIABLE = YES;
				HEADER_SEARCH_PATHS = (
					/usr/local/include/,
					"$(inherited)",
				);
				LIBRARY_SEARCH_PATHS = (
					/usr/local/lib/,
					"$(inherited)",
				);
				ONLY_ACTIVE_ARCH = NO;
				OTHER_LDFLAGS = (
					"$(inherited)",
					"$(SFML_SYSTEM)",
					"$(SFML_WINDOW)",
					"$(SFML_GRAPHICS)",
					"$(SFML_AUDIO)",
					"$(SFML_NETWORK)",
				);
				SFML_AUDIO = "$(SFML_LINK_PREFIX)sfml-audio$(SFML_LINK_SUFFIX)";
				SFML_BINARY_TYPE = FRAMEWORKS;
				SFML_GRAPHICS = "$(SFML_LINK_PREFIX)sfml-graphics$(SFML_LINK_SUFFIX)";
				SFML_LINK_DYLIBS_PREFIX = "-l";
				SFML_LINK_DYLIBS_SUFFIX = "";
				SFML_LINK_FRAMEWORKS_PREFIX = "-framework ";
				SFML_LINK_FRAMEWORKS_SUFFIX = "";
				SFML_LINK_PREFIX = "$(SFML_LINK_$(SFML_BINARY_TYPE)_PREFIX)";
				SFML_LINK_SUFFIX = "$(SFML_LINK_$(SFML_BINARY_TYPE)_SUFFIX)";
				SFML_NETWORK = "$(SFML_LINK_PREFIX)sfml-network$(SFML_LINK_SUFFIX)";
				SFML_SYSTEM = "$(SFML_LINK_PREFIX)sfml-system$(SFML_LINK_SUFFIX)";
				SFML_WINDOW = "$(SFML_LINK_PREFIX)sfml-window$(SFML_LINK_SUFFIX)";
				SUPPORTED_PLATFORMS = macosx;
			};
			name = Release;
		};
		3D679038175A4C4B0061B88D /* Debug */ = {
			isa = XCBuildConfiguration;
			buildSettings = {
				INFOPLIST_FILE = "Rac0r/Rac0r-Info.plist";
				PRODUCT_NAME = "$(TARGET_NAME)";
			};
			name = Debug;
		};
		3D679039175A4C4B0061B88D /* Release */ = {
			isa = XCBuildConfiguration;
			buildSettings = {
				INFOPLIST_FILE = "Rac0r/Rac0r-Info.plist";
				PRODUCT_NAME = "$(TARGET_NAME)";
			};
			name = Release;
		};
/* End XCBuildConfiguration section */

/* Begin XCConfigurationList section */
		3D67901C175A4C4B0061B88D /* Build configuration list for PBXProject "Rac0r" */ = {
			isa = XCConfigurationList;
			buildConfigurations = (
				3D679035175A4C4B0061B88D /* Debug */,
				3D679036175A4C4B0061B88D /* Release */,
			);
			defaultConfigurationIsVisible = 0;
			defaultConfigurationName = Release;
		};
		3D679037175A4C4B0061B88D /* Build configuration list for PBXNativeTarget "Rac0r" */ = {
			isa = XCConfigurationList;
			buildConfigurations = (
				3D679038175A4C4B0061B88D /* Debug */,
				3D679039175A4C4B0061B88D /* Release */,
			);
			defaultConfigurationIsVisible = 0;
			defaultConfigurationName = Release;
		};
/* End XCConfigurationList section */
	};
	rootObject = 3D679019175A4C4B0061B88D /* Project object */;
}
